<?xml version="1.0" encoding="utf-8"?>
<Project ToolsVersion="4.0" xmlns="http://schemas.microsoft.com/developer/msbuild/2003">
  <ItemGroup>
    <Filter Include="Cryptography">
      <UniqueIdentifier>{2ae08835-ec82-4363-ac3f-15b74b1b9e5b}</UniqueIdentifier>
    </Filter>
    <Filter Include="Cryptography\Sasl">
      <UniqueIdentifier>{e81ff6e7-a90c-4e90-8bff-65f77b06c4b1}</UniqueIdentifier>
    </Filter>
    <Filter Include="Authentication">
      <UniqueIdentifier>{6cb5ec38-e660-47ad-9e10-57fd3af3e6aa}</UniqueIdentifier>
    </Filter>
  </ItemGroup>
  <ItemGroup>
    <ClCompile Include="$(MSBuildThisFileDirectory)CryptographicException.cpp">
      <Filter>Cryptography</Filter>
    </ClCompile>
    <ClCompile Include="$(MSBuildThisFileDirectory)AuthenticationException.cpp">
      <Filter>Authentication</Filter>
    </ClCompile>
    <ClCompile Include="$(MSBuildThisFileDirectory)InvalidCredentialException.cpp">
      <Filter>Authentication</Filter>
    </ClCompile>
    <ClCompile Include="$(MSBuildThisFileDirectory)Crc32.cpp">
      <Filter>Cryptography</Filter>
    </ClCompile>
  </ItemGroup>
  <ItemGroup>
    <ClInclude Include="$(MSBuildThisFileDirectory)CryptographicException.hpp">
      <Filter>Cryptography</Filter>
    </ClInclude>
    <ClInclude Include="$(MSBuildThisFileDirectory)System.hpp">
      <Filter>Cryptography</Filter>
    </ClInclude>
    <ClInclude Include="$(MSBuildThisFileDirectory)API.hpp" />
    <ClInclude Include="$(MSBuildThisFileDirectory)ISaslMechanism.h">
      <Filter>Cryptography\Sasl</Filter>
    </ClInclude>
    <ClInclude Include="$(MSBuildThisFileDirectory)CipherAlgorithmType.hpp">
      <Filter>Authentication</Filter>
    </ClInclude>
    <ClInclude Include="$(MSBuildThisFileDirectory)ExchangeAlgorithmType.hpp">
      <Filter>Authentication</Filter>
    </ClInclude>
    <ClInclude Include="$(MSBuildThisFileDirectory)HashAlgorithmType.hpp">
      <Filter>Authentication</Filter>
    </ClInclude>
    <ClInclude Include="$(MSBuildThisFileDirectory)TlsProtocols.hpp">
      <Filter>Authentication</Filter>
    </ClInclude>
    <ClInclude Include="$(MSBuildThisFileDirectory)AuthenticationException.hpp">
      <Filter>Authentication</Filter>
    </ClInclude>
    <ClInclude Include="$(MSBuildThisFileDirectory)InvalidCredentialException.hpp">
      <Filter>Authentication</Filter>
    </ClInclude>
    <ClInclude Include="$(MSBuildThisFileDirectory)Crc32.hpp">
      <Filter>Cryptography</Filter>
    </ClInclude>
  </ItemGroup>
</Project>