<?xml version="1.0" encoding="utf-8"?>
<Project ToolsVersion="4.0" xmlns="http://schemas.microsoft.com/developer/msbuild/2003">
  <ItemGroup>
    <Filter Include="Cryptography">
      <UniqueIdentifier>{2ae08835-ec82-4363-ac3f-15b74b1b9e5b}</UniqueIdentifier>
    </Filter>
    <Filter Include="Cryptography\Asn1">
      <UniqueIdentifier>{a8adce33-e473-4edd-8f36-ec4071d131a3}</UniqueIdentifier>
    </Filter>
    <Filter Include="Cryptography\Sasl">
      <UniqueIdentifier>{e81ff6e7-a90c-4e90-8bff-65f77b06c4b1}</UniqueIdentifier>
    </Filter>
    <Filter Include="Authentication">
      <UniqueIdentifier>{6cb5ec38-e660-47ad-9e10-57fd3af3e6aa}</UniqueIdentifier>
    </Filter>
    <Filter Include="Cryptography\Pkcs">
      <UniqueIdentifier>{2441c4d8-baae-473b-9063-45e3c06ece51}</UniqueIdentifier>
    </Filter>
  </ItemGroup>
  <ItemGroup>
    <ClCompile Include="$(MSBuildThisFileDirectory)CryptographicException.cpp">
      <Filter>Cryptography</Filter>
    </ClCompile>
    <ClCompile Include="$(MSBuildThisFileDirectory)OidCollection.cpp">
      <Filter>Cryptography</Filter>
    </ClCompile>
    <ClCompile Include="$(MSBuildThisFileDirectory)Oid.cpp">
      <Filter>Cryptography</Filter>
    </ClCompile>
    <ClCompile Include="$(MSBuildThisFileDirectory)Asn1Identifier.cpp">
      <Filter>Cryptography\Asn1</Filter>
    </ClCompile>
    <ClCompile Include="$(MSBuildThisFileDirectory)Asn1Length.cpp">
      <Filter>Cryptography\Asn1</Filter>
    </ClCompile>
    <ClCompile Include="$(MSBuildThisFileDirectory)Asn1Object.cpp">
      <Filter>Cryptography\Asn1</Filter>
    </ClCompile>
    <ClCompile Include="$(MSBuildThisFileDirectory)BERDecoder.cpp">
      <Filter>Cryptography\Asn1</Filter>
    </ClCompile>
    <ClCompile Include="$(MSBuildThisFileDirectory)DERDecoder.cpp">
      <Filter>Cryptography\Asn1</Filter>
    </ClCompile>
    <ClCompile Include="$(MSBuildThisFileDirectory)Asn1Integer.cpp">
      <Filter>Cryptography\Asn1</Filter>
    </ClCompile>
    <ClCompile Include="$(MSBuildThisFileDirectory)Asn1Numeric.cpp">
      <Filter>Cryptography\Asn1</Filter>
    </ClCompile>
    <ClCompile Include="$(MSBuildThisFileDirectory)Asn1Boolean.cpp">
      <Filter>Cryptography\Asn1</Filter>
    </ClCompile>
    <ClCompile Include="$(MSBuildThisFileDirectory)Asn1Null.cpp">
      <Filter>Cryptography\Asn1</Filter>
    </ClCompile>
    <ClCompile Include="$(MSBuildThisFileDirectory)Asn1Tag.cpp">
      <Filter>Cryptography\Asn1</Filter>
    </ClCompile>
    <ClCompile Include="$(MSBuildThisFileDirectory)LBERDecoder.cpp">
      <Filter>Cryptography\Asn1</Filter>
    </ClCompile>
    <ClCompile Include="$(MSBuildThisFileDirectory)CERDecoder.cpp">
      <Filter>Cryptography\Asn1</Filter>
    </ClCompile>
    <ClCompile Include="$(MSBuildThisFileDirectory)OERDecoder.cpp">
      <Filter>Cryptography\Asn1</Filter>
    </ClCompile>
    <ClCompile Include="$(MSBuildThisFileDirectory)PERDecoder.cpp">
      <Filter>Cryptography\Asn1</Filter>
    </ClCompile>
    <ClCompile Include="$(MSBuildThisFileDirectory)XERDecoder.cpp">
      <Filter>Cryptography\Asn1</Filter>
    </ClCompile>
    <ClCompile Include="$(MSBuildThisFileDirectory)EXERDecoder.cpp">
      <Filter>Cryptography\Asn1</Filter>
    </ClCompile>
    <ClCompile Include="$(MSBuildThisFileDirectory)JERDecoder.cpp">
      <Filter>Cryptography\Asn1</Filter>
    </ClCompile>
    <ClCompile Include="$(MSBuildThisFileDirectory)Asn1ObjectIdentifier.cpp">
      <Filter>Cryptography\Asn1</Filter>
    </ClCompile>
    <ClCompile Include="$(MSBuildThisFileDirectory)Asn1String.cpp">
      <Filter>Cryptography\Asn1</Filter>
    </ClCompile>
    <ClCompile Include="$(MSBuildThisFileDirectory)DEREncoder.cpp">
      <Filter>Cryptography\Asn1</Filter>
    </ClCompile>
    <ClCompile Include="$(MSBuildThisFileDirectory)AuthenticationException.cpp">
      <Filter>Authentication</Filter>
    </ClCompile>
    <ClCompile Include="$(MSBuildThisFileDirectory)InvalidCredentialException.cpp">
      <Filter>Authentication</Filter>
    </ClCompile>
    <ClCompile Include="$(MSBuildThisFileDirectory)RandomNumberGenerator.cpp">
      <Filter>Cryptography</Filter>
    </ClCompile>
  </ItemGroup>
  <ItemGroup>
    <ClInclude Include="$(MSBuildThisFileDirectory)CryptographicException.hpp">
      <Filter>Cryptography</Filter>
    </ClInclude>
    <ClInclude Include="$(MSBuildThisFileDirectory)Oid.hpp">
      <Filter>Cryptography</Filter>
    </ClInclude>
    <ClInclude Include="$(MSBuildThisFileDirectory)OidCollection.hpp">
      <Filter>Cryptography</Filter>
    </ClInclude>
    <ClInclude Include="$(MSBuildThisFileDirectory)OidGroup.hpp">
      <Filter>Cryptography</Filter>
    </ClInclude>
    <ClInclude Include="$(MSBuildThisFileDirectory)System.hpp">
      <Filter>Cryptography</Filter>
    </ClInclude>
    <ClInclude Include="$(MSBuildThisFileDirectory)Asn1Identifier.hpp">
      <Filter>Cryptography\Asn1</Filter>
    </ClInclude>
    <ClInclude Include="$(MSBuildThisFileDirectory)Asn1TagClass.hpp">
      <Filter>Cryptography\Asn1</Filter>
    </ClInclude>
    <ClInclude Include="$(MSBuildThisFileDirectory)Asn1Length.hpp">
      <Filter>Cryptography\Asn1</Filter>
    </ClInclude>
    <ClInclude Include="$(MSBuildThisFileDirectory)Asn1Object.hpp">
      <Filter>Cryptography\Asn1</Filter>
    </ClInclude>
    <ClInclude Include="$(MSBuildThisFileDirectory)IAsn1Decoder.hpp">
      <Filter>Cryptography\Asn1</Filter>
    </ClInclude>
    <ClInclude Include="$(MSBuildThisFileDirectory)IAsn1Encoder.hpp">
      <Filter>Cryptography\Asn1</Filter>
    </ClInclude>
    <ClInclude Include="$(MSBuildThisFileDirectory)BERDecoder.hpp">
      <Filter>Cryptography\Asn1</Filter>
    </ClInclude>
    <ClInclude Include="$(MSBuildThisFileDirectory)DERDecoder.hpp">
      <Filter>Cryptography\Asn1</Filter>
    </ClInclude>
    <ClInclude Include="$(MSBuildThisFileDirectory)Asn1Integer.hpp">
      <Filter>Cryptography\Asn1</Filter>
    </ClInclude>
    <ClInclude Include="$(MSBuildThisFileDirectory)Asn1Numeric.hpp">
      <Filter>Cryptography\Asn1</Filter>
    </ClInclude>
    <ClInclude Include="$(MSBuildThisFileDirectory)API.hpp" />
    <ClInclude Include="$(MSBuildThisFileDirectory)Asn1Boolean.hpp">
      <Filter>Cryptography\Asn1</Filter>
    </ClInclude>
    <ClInclude Include="$(MSBuildThisFileDirectory)ISaslMechanism.h">
      <Filter>Cryptography\Sasl</Filter>
    </ClInclude>
    <ClInclude Include="$(MSBuildThisFileDirectory)Asn1Null.hpp">
      <Filter>Cryptography\Asn1</Filter>
    </ClInclude>
    <ClInclude Include="$(MSBuildThisFileDirectory)Asn1Tag.hpp">
      <Filter>Cryptography\Asn1</Filter>
    </ClInclude>
    <ClInclude Include="$(MSBuildThisFileDirectory)Asn1UniversalTag.hpp">
      <Filter>Cryptography\Asn1</Filter>
    </ClInclude>
    <ClInclude Include="$(MSBuildThisFileDirectory)LBERDecoder.hpp">
      <Filter>Cryptography\Asn1</Filter>
    </ClInclude>
    <ClInclude Include="$(MSBuildThisFileDirectory)CERDecoder.hpp">
      <Filter>Cryptography\Asn1</Filter>
    </ClInclude>
    <ClInclude Include="$(MSBuildThisFileDirectory)EXERDecoder.hpp">
      <Filter>Cryptography\Asn1</Filter>
    </ClInclude>
    <ClInclude Include="$(MSBuildThisFileDirectory)JERDecoder.hpp">
      <Filter>Cryptography\Asn1</Filter>
    </ClInclude>
    <ClInclude Include="$(MSBuildThisFileDirectory)OERDecoder.hpp">
      <Filter>Cryptography\Asn1</Filter>
    </ClInclude>
    <ClInclude Include="$(MSBuildThisFileDirectory)PERDecoder.hpp">
      <Filter>Cryptography\Asn1</Filter>
    </ClInclude>
    <ClInclude Include="$(MSBuildThisFileDirectory)XERDecoder.hpp">
      <Filter>Cryptography\Asn1</Filter>
    </ClInclude>
    <ClInclude Include="$(MSBuildThisFileDirectory)Asn1String.hpp">
      <Filter>Cryptography\Asn1</Filter>
    </ClInclude>
    <ClInclude Include="$(MSBuildThisFileDirectory)Asn1ObjectIdentifier.hpp">
      <Filter>Cryptography\Asn1</Filter>
    </ClInclude>
    <ClInclude Include="$(MSBuildThisFileDirectory)DEREncoder.hpp">
      <Filter>Cryptography\Asn1</Filter>
    </ClInclude>
    <ClInclude Include="$(MSBuildThisFileDirectory)CipherAlgorithmType.hpp">
      <Filter>Authentication</Filter>
    </ClInclude>
    <ClInclude Include="$(MSBuildThisFileDirectory)ExchangeAlgorithmType.hpp">
      <Filter>Authentication</Filter>
    </ClInclude>
    <ClInclude Include="$(MSBuildThisFileDirectory)HashAlgorithmType.hpp">
      <Filter>Authentication</Filter>
    </ClInclude>
    <ClInclude Include="$(MSBuildThisFileDirectory)TlsProtocols.hpp">
      <Filter>Authentication</Filter>
    </ClInclude>
    <ClInclude Include="$(MSBuildThisFileDirectory)AuthenticationException.hpp">
      <Filter>Authentication</Filter>
    </ClInclude>
    <ClInclude Include="$(MSBuildThisFileDirectory)InvalidCredentialException.hpp">
      <Filter>Authentication</Filter>
    </ClInclude>
    <ClInclude Include="$(MSBuildThisFileDirectory)RandomNumberGenerator.hpp">
      <Filter>Cryptography</Filter>
    </ClInclude>
  </ItemGroup>
</Project>