<?xml version="1.0" encoding="utf-8"?>
<Project ToolsVersion="4.0" xmlns="http://schemas.microsoft.com/developer/msbuild/2003">
  <ItemGroup>
    <ClCompile Include="$(MSBuildThisFileDirectory)FileStream.cpp" />
    <ClCompile Include="$(MSBuildThisFileDirectory)MemoryStream.cpp" />
    <ClCompile Include="$(MSBuildThisFileDirectory)Stream.cpp" />
    <ClCompile Include="$(MSBuildThisFileDirectory)GZipStream.cpp">
      <Filter>Compression</Filter>
    </ClCompile>
    <ClCompile Include="$(MSBuildThisFileDirectory)InvalidDataException.cpp" />
    <ClCompile Include="$(MSBuildThisFileDirectory)HuffmanTree.cpp">
      <Filter>Compression\HuffmanCoding</Filter>
    </ClCompile>
    <ClCompile Include="$(MSBuildThisFileDirectory)DeflateStream.cpp">
      <Filter>Compression</Filter>
    </ClCompile>
    <ClCompile Include="$(MSBuildThisFileDirectory)TextWriter.cpp" />
    <ClCompile Include="$(MSBuildThisFileDirectory)StreamWriter.cpp" />
    <ClCompile Include="$(MSBuildThisFileDirectory)TextReader.cpp" />
    <ClCompile Include="$(MSBuildThisFileDirectory)StreamReader.cpp" />
    <ClCompile Include="$(MSBuildThisFileDirectory)StringWriter.cpp" />
    <ClCompile Include="$(MSBuildThisFileDirectory)StringReader.cpp" />
    <ClCompile Include="$(MSBuildThisFileDirectory)IOException.cpp" />
    <ClCompile Include="$(MSBuildThisFileDirectory)FileNotFoundException.cpp" />
    <ClCompile Include="$(MSBuildThisFileDirectory)EndOfStreamException.cpp" />
    <ClCompile Include="$(MSBuildThisFileDirectory)ZipArchive.cpp">
      <Filter>Compression</Filter>
    </ClCompile>
    <ClCompile Include="$(MSBuildThisFileDirectory)ZipArchiveEntry.cpp">
      <Filter>Compression</Filter>
    </ClCompile>
    <ClCompile Include="$(MSBuildThisFileDirectory)BinaryReader.cpp" />
    <ClCompile Include="$(MSBuildThisFileDirectory)ReadOnlyStream.cpp" />
    <ClCompile Include="$(MSBuildThisFileDirectory)HuffmanNode.cpp">
      <Filter>Compression\HuffmanCoding</Filter>
    </ClCompile>
    <ClCompile Include="$(MSBuildThisFileDirectory)HuffmanTable.cpp">
      <Filter>Compression\HuffmanCoding</Filter>
    </ClCompile>
    <ClCompile Include="$(MSBuildThisFileDirectory)FileStreamAysncResult.cpp" />
    <ClCompile Include="$(MSBuildThisFileDirectory)Path.cpp" />
    <ClCompile Include="$(MSBuildThisFileDirectory)File.cpp" />
    <ClCompile Include="$(MSBuildThisFileDirectory)Directory.cpp" />
  </ItemGroup>
  <ItemGroup>
    <ClInclude Include="$(MSBuildThisFileDirectory)FileAccess.hpp" />
    <ClInclude Include="$(MSBuildThisFileDirectory)FileMode.hpp" />
    <ClInclude Include="$(MSBuildThisFileDirectory)FileShare.hpp" />
    <ClInclude Include="$(MSBuildThisFileDirectory)FileStream.hpp" />
    <ClInclude Include="$(MSBuildThisFileDirectory)MemoryStream.hpp" />
    <ClInclude Include="$(MSBuildThisFileDirectory)SeekOrigin.hpp" />
    <ClInclude Include="$(MSBuildThisFileDirectory)Stream.hpp" />
    <ClInclude Include="$(MSBuildThisFileDirectory)CompressionLevel.hpp">
      <Filter>Compression</Filter>
    </ClInclude>
    <ClInclude Include="$(MSBuildThisFileDirectory)CompressionMode.hpp">
      <Filter>Compression</Filter>
    </ClInclude>
    <ClInclude Include="$(MSBuildThisFileDirectory)GZipStream.hpp">
      <Filter>Compression</Filter>
    </ClInclude>
    <ClInclude Include="$(MSBuildThisFileDirectory)InvalidDataException.hpp" />
    <ClInclude Include="$(MSBuildThisFileDirectory)HuffmanTree.hpp">
      <Filter>Compression\HuffmanCoding</Filter>
    </ClInclude>
    <ClInclude Include="$(MSBuildThisFileDirectory)DeflateStream.hpp">
      <Filter>Compression</Filter>
    </ClInclude>
    <ClInclude Include="$(MSBuildThisFileDirectory)TextWriter.hpp" />
    <ClInclude Include="$(MSBuildThisFileDirectory)StreamWriter.hpp" />
    <ClInclude Include="$(MSBuildThisFileDirectory)TextReader.hpp" />
    <ClInclude Include="$(MSBuildThisFileDirectory)StreamReader.hpp" />
    <ClInclude Include="$(MSBuildThisFileDirectory)StringWriter.hpp" />
    <ClInclude Include="$(MSBuildThisFileDirectory)StringReader.hpp" />
    <ClInclude Include="$(MSBuildThisFileDirectory)IOException.hpp" />
    <ClInclude Include="$(MSBuildThisFileDirectory)FileNotFoundException.hpp" />
    <ClInclude Include="$(MSBuildThisFileDirectory)EndOfStreamException.hpp" />
    <ClInclude Include="$(MSBuildThisFileDirectory)FileOptions.hpp" />
    <ClInclude Include="$(MSBuildThisFileDirectory)ZipArchive.hpp">
      <Filter>Compression</Filter>
    </ClInclude>
    <ClInclude Include="$(MSBuildThisFileDirectory)ZipArchiveMode.hpp">
      <Filter>Compression</Filter>
    </ClInclude>
    <ClInclude Include="$(MSBuildThisFileDirectory)ZipArchiveEntry.hpp">
      <Filter>Compression</Filter>
    </ClInclude>
    <ClInclude Include="$(MSBuildThisFileDirectory)BinaryReader.hpp" />
    <ClInclude Include="$(MSBuildThisFileDirectory)ReadOnlyStream.hpp" />
    <ClInclude Include="$(MSBuildThisFileDirectory)HuffmanNode.hpp">
      <Filter>Compression\HuffmanCoding</Filter>
    </ClInclude>
    <ClInclude Include="$(MSBuildThisFileDirectory)ZipBitFlag.hpp">
      <Filter>Compression\Zip</Filter>
    </ClInclude>
    <ClInclude Include="$(MSBuildThisFileDirectory)ZipMadeByPlatform.hpp">
      <Filter>Compression\Zip</Filter>
    </ClInclude>
    <ClInclude Include="$(MSBuildThisFileDirectory)ZipVersionNeeded.hpp">
      <Filter>Compression\Zip</Filter>
    </ClInclude>
    <ClInclude Include="$(MSBuildThisFileDirectory)DeflateEncodingMethod.hpp">
      <Filter>Compression\Deflate</Filter>
    </ClInclude>
    <ClInclude Include="$(MSBuildThisFileDirectory)VectorOfZipArchiveEntry.hpp">
      <Filter>Compression</Filter>
    </ClInclude>
    <ClInclude Include="$(MSBuildThisFileDirectory)HuffmanTable.hpp">
      <Filter>Compression\HuffmanCoding</Filter>
    </ClInclude>
    <ClInclude Include="$(MSBuildThisFileDirectory)FileStreamAysncResult.hpp" />
    <ClInclude Include="$(MSBuildThisFileDirectory)Path.hpp" />
    <ClInclude Include="$(MSBuildThisFileDirectory)File.hpp" />
    <ClInclude Include="$(MSBuildThisFileDirectory)Directory.hpp" />
  </ItemGroup>
  <ItemGroup>
    <Filter Include="Compression">
      <UniqueIdentifier>{3342b24d-9396-4c56-9e51-4dfdb08ce685}</UniqueIdentifier>
    </Filter>
    <Filter Include="Compression\Deflate">
      <UniqueIdentifier>{ef2be31e-2d8c-48b7-845d-962ef25a8edc}</UniqueIdentifier>
    </Filter>
    <Filter Include="Compression\Zip">
      <UniqueIdentifier>{6c00c19e-6c25-4d11-9049-9b429213f359}</UniqueIdentifier>
    </Filter>
    <Filter Include="Compression\HuffmanCoding">
      <UniqueIdentifier>{cdaf52eb-528c-4aa5-a2a6-dbc625d271a4}</UniqueIdentifier>
    </Filter>
    <Filter Include="Internal">
      <UniqueIdentifier>{bfabb72e-0a80-4a0f-8abb-3a379735c003}</UniqueIdentifier>
    </Filter>
  </ItemGroup>
  <ItemGroup>
    <None Include="$(MSBuildThisFileDirectory)ZipCompressionMethod.hpp">
      <Filter>Compression\Zip</Filter>
    </None>
  </ItemGroup>
</Project>