
Microsoft Visual Studio Solution File, Format Version 12.00
# Visual Studio Version 17
VisualStudioVersion = 17.12.35527.113
MinimumVisualStudioVersion = 10.0.40219.1
Project("{2150E333-8FDC-42A3-9474-1A3956D46DE8}") = "01 - libraries", "01 - libraries", "{E1BE999E-098C-4E1C-AA12-CD2F62312AD8}"
EndProject
Project("{2150E333-8FDC-42A3-9474-1A3956D46DE8}") = "10 - unit tests", "10 - unit tests", "{78F0BA9C-9BC7-4779-9573-4AAFE2353DA9}"
EndProject
Project("{2150E333-8FDC-42A3-9474-1A3956D46DE8}") = "01 - Shared", "01 - Shared", "{8C483853-54B5-40FB-B14B-28383747B06B}"
EndProject
Project("{2150E333-8FDC-42A3-9474-1A3956D46DE8}") = "03 - Linux", "03 - Linux", "{CA240A44-4043-4989-B3A0-8BA28C0E0663}"
EndProject
Project("{8BC9CEB8-8B4A-11D0-8D11-00A0C91BC942}") = "Elysium.Core", "Libraries\01-Shared\Elysium.Core\Elysium.Core.vcxitems", "{FF6B7D0C-4C97-415A-B5B6-D0C21E6B50CF}"
EndProject
Project("{8BC9CEB8-8B4A-11D0-8D11-00A0C91BC942}") = "Elysium.Core.Data", "Libraries\01-Shared\Elysium.Core.Data\Elysium.Core.Data.vcxitems", "{EE7A43C1-C408-4688-920F-5878C6E6A7C7}"
EndProject
Project("{8BC9CEB8-8B4A-11D0-8D11-00A0C91BC942}") = "Elysium.Core.Data.SqlNativeClient.OleDb", "Libraries\01-Shared\Elysium.Core.Data.SqlNativeClient.OleDb\Elysium.Core.Data.SqlNativeClient.OleDb.vcxitems", "{8BBDEA16-0960-479D-941D-FE662E7740E8}"
EndProject
Project("{8BC9CEB8-8B4A-11D0-8D11-00A0C91BC942}") = "Elysium.Core.Math", "Libraries\01-Shared\Elysium.Core.Math\Elysium.Core.Math.vcxitems", "{F612B617-2B63-4644-852F-642827A6BA4F}"
EndProject
Project("{8BC9CEB8-8B4A-11D0-8D11-00A0C91BC942}") = "Elysium.Core.Net", "Libraries\01-Shared\Elysium.Core.Net\Elysium.Core.Net.vcxitems", "{D1DFDE03-A987-4EE3-9FE9-007FD7E8648E}"
EndProject
Project("{2150E333-8FDC-42A3-9474-1A3956D46DE8}") = "01 - Shared", "01 - Shared", "{3E9C7F7C-27D8-4867-AD12-F5E59FD5ED2F}"
EndProject
Project("{2150E333-8FDC-42A3-9474-1A3956D46DE8}") = "03 - Linux", "03 - Linux", "{389A3220-2A33-471D-B7A9-12707A620F90}"
EndProject
Project("{8BC9CEB8-8B4A-11D0-8D11-00A0C91BC942}") = "Elysium.Core.IO", "Libraries\01-Shared\Elysium.Core.IO\Elysium.Core.IO.vcxitems", "{328BC640-06C0-47C1-8091-FE3B2C191222}"
EndProject
Project("{8BC9CEB8-8B4A-11D0-8D11-00A0C91BC942}") = "Elysium.Core.Threading", "Libraries\01-Shared\Elysium.Core.Threading\Elysium.Core.Threading.vcxitems", "{2E31205A-3FCD-45B6-A9A1-329204CEB079}"
EndProject
Project("{8BC9CEB8-8B4A-11D0-8D11-00A0C91BC942}") = "Elysium.Core.Data.SqlNativeClient.ODBC", "Libraries\01-Shared\Elysium.Core.Data.SqlNativeClient.ODBC\Elysium.Core.Data.SqlNativeClient.ODBC.vcxitems", "{DDA554CE-E73B-4FCB-9DA0-EC45214C84DF}"
EndProject
Project("{2150E333-8FDC-42A3-9474-1A3956D46DE8}") = "20 - samples", "20 - samples", "{85AB4BBD-CEB5-4CD9-AEE8-AB25EA6DB9B7}"
EndProject
Project("{2150E333-8FDC-42A3-9474-1A3956D46DE8}") = "01 - Shared", "01 - Shared", "{9CBE2BD0-070D-455D-BEDA-BBE0A6FF7B3A}"
EndProject
Project("{2150E333-8FDC-42A3-9474-1A3956D46DE8}") = "03 - Linux", "03 - Linux", "{5F7E483A-4C7A-4F0C-95F8-ED94359CA147}"
EndProject
Project("{2150E333-8FDC-42A3-9474-1A3956D46DE8}") = "11 - test applications", "11 - test applications", "{C66483A0-240C-4223-945E-E3AFD745C569}"
EndProject
Project("{2150E333-8FDC-42A3-9474-1A3956D46DE8}") = "01 - Shared", "01 - Shared", "{A8DBA0A4-46D7-46D9-BA66-A8C3200C33EB}"
EndProject
Project("{2150E333-8FDC-42A3-9474-1A3956D46DE8}") = "03 - Linux", "03 - Linux", "{BD109944-7641-4725-9EE2-8FB15F45D037}"
EndProject
Project("{8BC9CEB8-8B4A-11D0-8D11-00A0C91BC942}") = "UnitTests.Core", "UnitTests\01-Shared\UnitTests.Core\UnitTests.Core.vcxitems", "{1C9D9572-A652-4285-8A6B-25E83EF859C5}"
EndProject
Project("{8BC9CEB8-8B4A-11D0-8D11-00A0C91BC942}") = "Elysium.Core.Data.AdoClient", "Libraries\01-Shared\Elysium.Core.Data.AdoClient\Elysium.Core.Data.AdoClient.vcxitems", "{6A52F036-6569-4DB6-BAD5-D50FF58F39EE}"
EndProject
Project("{8BC9CEB8-8B4A-11D0-8D11-00A0C91BC942}") = "UnitTestExtensions", "UnitTests\01-Shared\UnitTestExtensions\UnitTestExtensions.vcxitems", "{275D07C1-A1BF-46DB-9B7F-3C135AA74EE3}"
EndProject
Project("{8BC9CEB8-8B4A-11D0-8D11-00A0C91BC942}") = "Elysium.Core.ServiceProcess", "Libraries\01-Shared\Elysium.Core.ServiceProcess\Elysium.Core.ServiceProcess.vcxitems", "{B29C5CF1-D637-47AA-AAE6-CBB9028BA3D3}"
EndProject
Project("{8BC9CEB8-8B4A-11D0-8D11-00A0C91BC942}") = "Elysium.Core.Text", "Libraries\01-Shared\Elysium.Core.Text\Elysium.Core.Text.vcxitems", "{4557BF60-87A8-49D3-8ABC-8642129F5A91}"
EndProject
Project("{8BC9CEB8-8B4A-11D0-8D11-00A0C91BC942}") = "Elysium.Core.Reflection", "Libraries\01-Shared\Elysium.Core.Reflection\Elysium.Core.Reflection.vcxitems", "{5A9D7191-9B6A-4C60-BDD1-8791EE028E0D}"
EndProject
Project("{8BC9CEB8-8B4A-11D0-8D11-00A0C91BC942}") = "Elysium.Core.Linq", "Libraries\01-Shared\Elysium.Core.Linq\Elysium.Core.Linq.vcxitems", "{A4B705A1-60E7-4BB9-BA2A-A012FAF826FD}"
EndProject
Project("{8BC9CEB8-8B4A-11D0-8D11-00A0C91BC942}") = "Elysium.Core.Json", "Libraries\01-Shared\Elysium.Core.Json\Elysium.Core.Json.vcxitems", "{A8EC7CEA-4204-4384-A93B-CB59901202B3}"
EndProject
Project("{8BC9CEB8-8B4A-11D0-8D11-00A0C91BC942}") = "Elysium.Core.Security", "Libraries\01-Shared\Elysium.Core.Security\Elysium.Core.Security.vcxitems", "{B7B28110-F6FA-4554-B115-BAE4337DEBC2}"
EndProject
Project("{8BC9CEB8-8B4A-11D0-8D11-00A0C91BC942}") = "Elysium.Core.Web", "Libraries\01-Shared\Elysium.Core.Web\Elysium.Core.Web.vcxitems", "{B8FD36BF-ECB1-433F-A981-47834D8A65AB}"
EndProject
Project("{8BC9CEB8-8B4A-11D0-8D11-00A0C91BC942}") = "Elysium.Core.Security.Cryptography.Algorithms", "Libraries\01-Shared\Elysium.Core.Security.Cryptography.Algorithms\Elysium.Core.Security.Cryptography.Algorithms.vcxitems", "{96932FCB-7D28-4130-90F2-9CC5216C7540}"
EndProject
Project("{8BC9CEB8-8B4A-11D0-8D11-00A0C91BC942}") = "Elysium.Core.Security.Cryptography.X509Certificates", "Libraries\01-Shared\Elysium.Core.Security.Cryptography.X509Certificates\Elysium.Core.Security.Cryptography.X509Certificates.vcxitems", "{0BD00C32-9322-44BC-BDE1-9C6F8C1818DA}"
EndProject
Project("{8BC9CEB8-8B4A-11D0-8D11-00A0C91BC942}") = "Elysium.Core.Security.Cryptography.Encoding", "Libraries\01-Shared\Elysium.Core.Security.Cryptography.Encoding\Elysium.Core.Security.Cryptography.Encoding.vcxitems", "{72C118AA-B5CD-484F-AE38-5ED19CE85580}"
EndProject
Project("{8BC9CEB8-8B4A-11D0-8D11-00A0C91BC942}") = "Elysium.Core.Security.Cryptography.Pkcs", "Libraries\01-Shared\Elysium.Core.Security.Cryptography.Pkcs\Elysium.Core.Security.Cryptography.Pkcs.vcxitems", "{B24D2A65-DD25-4F56-8CA1-6068EAA0C9E5}"
EndProject
Project("{8BC9CEB8-8B4A-11D0-8D11-00A0C91BC942}") = "Elysium.Core.Text.RegularExpressions", "Libraries\01-Shared\Elysium.Core.Text.RegularExpressions\Elysium.Core.Text.RegularExpressions.vcxitems", "{81BC69AC-724D-4A7F-AE92-08B66D25D0BF}"
EndProject
Project("{8BC9CEB8-8B4A-11D0-8D11-00A0C91BC942}") = "Elysium.Core.Data.TdsClient", "Libraries\01-Shared\Elysium.Core.Data.TdsClient\Elysium.Core.Data.TdsClient.vcxitems", "{74FBB0FC-33B2-4419-9C86-5F7511EEA181}"
EndProject
Project("{8BC9CEB8-8B4A-11D0-8D11-00A0C91BC942}") = "Elysium.Core.IO.Ports", "Libraries\01-Shared\Elysium.Core.IO.Ports\Elysium.Core.IO.Ports.vcxitems", "{ABBE2C07-62A6-4498-A409-FAD7482B59D2}"
EndProject
Project("{8BC9CEB8-8B4A-11D0-8D11-00A0C91BC942}") = "Elysium.Core.Drawing", "Libraries\01-Shared\Elysium.Core.Drawing\Elysium.Core.Drawing.vcxitems", "{7669CB16-51A8-4FA1-8D54-36AFF69A2754}"
EndProject
Project("{8BC9CEB8-8B4A-11D0-8D11-00A0C91BC942}") = "Elysium.Core.Diagnostics", "Libraries\01-Shared\Elysium.Core.Diagnostics\Elysium.Core.Diagnostics.vcxitems", "{B0C1C740-4D18-4393-AB24-C7C93A3BDE64}"
EndProject
Project("{8BC9CEB8-8B4A-11D0-8D11-00A0C91BC942}") = "Elysium.Core.Globalization", "Libraries\01-Shared\Elysium.Core.Globalization\Elysium.Core.Globalization.vcxitems", "{B3021F5D-6BBA-449C-9742-38D64FC3854E}"
EndProject
Project("{8BC9CEB8-8B4A-11D0-8D11-00A0C91BC942}") = "UnitTests.Core.Reflection", "UnitTests\01-Shared\UnitTests.Core.Reflection\UnitTests.Core.Reflection.vcxitems", "{5DDBD666-D500-47D8-864F-950DCB77657A}"
EndProject
Project("{8BC9CEB8-8B4A-11D0-8D11-00A0C91BC942}") = "Elysium.Core.Template", "Libraries\01-Shared\Elysium.Core.Template\Elysium.Core.Template.vcxitems", "{7101EFB4-615B-4D59-9334-2A2694CA6E1D}"
EndProject
Project("{8BC9CEB8-8B4A-11D0-8D11-00A0C91BC942}") = "UnitTests.Core.IO", "UnitTests\01-Shared\UnitTests.Core.IO\UnitTests.Core.IO.vcxitems", "{F52A3C96-76E1-45A4-A93C-C997DC583E91}"
EndProject
Project("{8BC9CEB8-8B4A-11D0-8D11-00A0C91BC942}") = "UnitTests.Core.Template", "UnitTests\01-Shared\UnitTests.Core.Template\UnitTests.Core.Template.vcxitems", "{21AD6D88-6952-4B3B-B7C6-64A2644A2881}"
EndProject
Project("{8BC9CEB8-8B4A-11D0-8D11-00A0C91BC942}") = "Elysium.Core.Speech", "Libraries\01-Shared\Elysium.Core.Speech\Elysium.Core.Speech.vcxitems", "{11D14E12-794F-4621-BC39-28EE90471599}"
EndProject
Project("{8BC9CEB8-8B4A-11D0-8D11-00A0C91BC942}") = "UnitTests.Core.Speech", "UnitTests\01-Shared\UnitTests.Core.Speech\UnitTests.Core.Speech.vcxitems", "{7F0BBB62-BB87-4E71-84FA-BA711F06251A}"
EndProject
Project("{8BC9CEB8-8B4A-11D0-8D11-00A0C91BC942}") = "Elysium.Core.IO.FileSystem.Watcher", "Libraries\01-Shared\Elysium.Core.IO.FileSystem.Watcher\Elysium.Core.IO.FileSystem.Watcher.vcxitems", "{73EFFDFC-A77C-4BD2-8F16-B500AF772E84}"
EndProject
Project("{8BC9CEB8-8B4A-11D0-8D11-00A0C91BC942}") = "UnitTests.Core.CommandLine", "UnitTests\01-Shared\UnitTests.Core.CommandLine\UnitTests.Core.CommandLine.vcxitems", "{A882E51B-A974-4F20-ACA1-0FEC68C75AF2}"
EndProject
Project("{8BC9CEB8-8B4A-11D0-8D11-00A0C91BC942}") = "Elysium.Core.CodeAnalysis", "Libraries\01-Shared\Elysium.Core.CodeAnalysis\Elysium.Core.CodeAnalysis.vcxitems", "{0D1F4BA1-A822-4E59-B960-052DF16DAF1B}"
EndProject
Project("{8BC9CEB8-8B4A-11D0-8D11-00A0C91BC942}") = "Elysium.Core.CommandLine", "Libraries\01-Shared\Elysium.Core.CommandLine\Elysium.Core.CommandLine.vcxitems", "{7DDDE4CA-3810-4A87-95DD-50A88C352777}"
EndProject
Project("{8BC9CEB8-8B4A-11D0-8D11-00A0C91BC942}") = "UnitTests.Core.CodeAnalysis", "UnitTests\01-Shared\UnitTests.Core.CodeAnalysis\UnitTests.Core.CodeAnalysis.vcxitems", "{C0D372D4-A901-442E-B407-660C861D0B2E}"
EndProject
Global
	GlobalSection(SolutionConfigurationPlatforms) = preSolution
		Debug|ARM = Debug|ARM
		Debug|ARM64 = Debug|ARM64
		Debug|x64 = Debug|x64
		Debug|x86 = Debug|x86
		Release|ARM = Release|ARM
		Release|ARM64 = Release|ARM64
		Release|x64 = Release|x64
		Release|x86 = Release|x86
	EndGlobalSection
	GlobalSection(SolutionProperties) = preSolution
		HideSolutionNode = FALSE
	EndGlobalSection
	GlobalSection(NestedProjects) = preSolution
		{8C483853-54B5-40FB-B14B-28383747B06B} = {E1BE999E-098C-4E1C-AA12-CD2F62312AD8}
		{CA240A44-4043-4989-B3A0-8BA28C0E0663} = {E1BE999E-098C-4E1C-AA12-CD2F62312AD8}
		{FF6B7D0C-4C97-415A-B5B6-D0C21E6B50CF} = {8C483853-54B5-40FB-B14B-28383747B06B}
		{EE7A43C1-C408-4688-920F-5878C6E6A7C7} = {8C483853-54B5-40FB-B14B-28383747B06B}
		{8BBDEA16-0960-479D-941D-FE662E7740E8} = {8C483853-54B5-40FB-B14B-28383747B06B}
		{F612B617-2B63-4644-852F-642827A6BA4F} = {8C483853-54B5-40FB-B14B-28383747B06B}
		{D1DFDE03-A987-4EE3-9FE9-007FD7E8648E} = {8C483853-54B5-40FB-B14B-28383747B06B}
		{3E9C7F7C-27D8-4867-AD12-F5E59FD5ED2F} = {78F0BA9C-9BC7-4779-9573-4AAFE2353DA9}
		{389A3220-2A33-471D-B7A9-12707A620F90} = {78F0BA9C-9BC7-4779-9573-4AAFE2353DA9}
		{328BC640-06C0-47C1-8091-FE3B2C191222} = {8C483853-54B5-40FB-B14B-28383747B06B}
		{2E31205A-3FCD-45B6-A9A1-329204CEB079} = {8C483853-54B5-40FB-B14B-28383747B06B}
		{DDA554CE-E73B-4FCB-9DA0-EC45214C84DF} = {8C483853-54B5-40FB-B14B-28383747B06B}
		{9CBE2BD0-070D-455D-BEDA-BBE0A6FF7B3A} = {85AB4BBD-CEB5-4CD9-AEE8-AB25EA6DB9B7}
		{5F7E483A-4C7A-4F0C-95F8-ED94359CA147} = {85AB4BBD-CEB5-4CD9-AEE8-AB25EA6DB9B7}
		{A8DBA0A4-46D7-46D9-BA66-A8C3200C33EB} = {C66483A0-240C-4223-945E-E3AFD745C569}
		{BD109944-7641-4725-9EE2-8FB15F45D037} = {C66483A0-240C-4223-945E-E3AFD745C569}
		{1C9D9572-A652-4285-8A6B-25E83EF859C5} = {3E9C7F7C-27D8-4867-AD12-F5E59FD5ED2F}
		{6A52F036-6569-4DB6-BAD5-D50FF58F39EE} = {8C483853-54B5-40FB-B14B-28383747B06B}
		{275D07C1-A1BF-46DB-9B7F-3C135AA74EE3} = {3E9C7F7C-27D8-4867-AD12-F5E59FD5ED2F}
		{B29C5CF1-D637-47AA-AAE6-CBB9028BA3D3} = {8C483853-54B5-40FB-B14B-28383747B06B}
		{4557BF60-87A8-49D3-8ABC-8642129F5A91} = {8C483853-54B5-40FB-B14B-28383747B06B}
		{5A9D7191-9B6A-4C60-BDD1-8791EE028E0D} = {8C483853-54B5-40FB-B14B-28383747B06B}
		{A4B705A1-60E7-4BB9-BA2A-A012FAF826FD} = {8C483853-54B5-40FB-B14B-28383747B06B}
		{A8EC7CEA-4204-4384-A93B-CB59901202B3} = {8C483853-54B5-40FB-B14B-28383747B06B}
		{B7B28110-F6FA-4554-B115-BAE4337DEBC2} = {8C483853-54B5-40FB-B14B-28383747B06B}
		{B8FD36BF-ECB1-433F-A981-47834D8A65AB} = {8C483853-54B5-40FB-B14B-28383747B06B}
		{96932FCB-7D28-4130-90F2-9CC5216C7540} = {8C483853-54B5-40FB-B14B-28383747B06B}
		{0BD00C32-9322-44BC-BDE1-9C6F8C1818DA} = {8C483853-54B5-40FB-B14B-28383747B06B}
		{72C118AA-B5CD-484F-AE38-5ED19CE85580} = {8C483853-54B5-40FB-B14B-28383747B06B}
		{B24D2A65-DD25-4F56-8CA1-6068EAA0C9E5} = {8C483853-54B5-40FB-B14B-28383747B06B}
		{81BC69AC-724D-4A7F-AE92-08B66D25D0BF} = {8C483853-54B5-40FB-B14B-28383747B06B}
		{74FBB0FC-33B2-4419-9C86-5F7511EEA181} = {8C483853-54B5-40FB-B14B-28383747B06B}
		{ABBE2C07-62A6-4498-A409-FAD7482B59D2} = {8C483853-54B5-40FB-B14B-28383747B06B}
		{7669CB16-51A8-4FA1-8D54-36AFF69A2754} = {8C483853-54B5-40FB-B14B-28383747B06B}
		{B0C1C740-4D18-4393-AB24-C7C93A3BDE64} = {8C483853-54B5-40FB-B14B-28383747B06B}
		{B3021F5D-6BBA-449C-9742-38D64FC3854E} = {8C483853-54B5-40FB-B14B-28383747B06B}
		{5DDBD666-D500-47D8-864F-950DCB77657A} = {3E9C7F7C-27D8-4867-AD12-F5E59FD5ED2F}
		{7101EFB4-615B-4D59-9334-2A2694CA6E1D} = {8C483853-54B5-40FB-B14B-28383747B06B}
		{F52A3C96-76E1-45A4-A93C-C997DC583E91} = {3E9C7F7C-27D8-4867-AD12-F5E59FD5ED2F}
		{21AD6D88-6952-4B3B-B7C6-64A2644A2881} = {3E9C7F7C-27D8-4867-AD12-F5E59FD5ED2F}
		{11D14E12-794F-4621-BC39-28EE90471599} = {8C483853-54B5-40FB-B14B-28383747B06B}
		{7F0BBB62-BB87-4E71-84FA-BA711F06251A} = {3E9C7F7C-27D8-4867-AD12-F5E59FD5ED2F}
		{73EFFDFC-A77C-4BD2-8F16-B500AF772E84} = {8C483853-54B5-40FB-B14B-28383747B06B}
		{A882E51B-A974-4F20-ACA1-0FEC68C75AF2} = {3E9C7F7C-27D8-4867-AD12-F5E59FD5ED2F}
		{0D1F4BA1-A822-4E59-B960-052DF16DAF1B} = {8C483853-54B5-40FB-B14B-28383747B06B}
		{7DDDE4CA-3810-4A87-95DD-50A88C352777} = {8C483853-54B5-40FB-B14B-28383747B06B}
		{C0D372D4-A901-442E-B407-660C861D0B2E} = {3E9C7F7C-27D8-4867-AD12-F5E59FD5ED2F}
	EndGlobalSection
	GlobalSection(ExtensibilityGlobals) = postSolution
		SolutionGuid = {4AA08059-DCCC-424A-B02C-2C605758B058}
	EndGlobalSection
EndGlobal
