
Microsoft Visual Studio Solution File, Format Version 12.00
# Visual Studio 15
VisualStudioVersion = 15.0.28307.572
MinimumVisualStudioVersion = 10.0.40219.1
Project("{2150E333-8FDC-42A3-9474-1A3956D46DE8}") = "01 - libraries", "01 - libraries", "{E1BE999E-098C-4E1C-AA12-CD2F62312AD8}"
EndProject
Project("{2150E333-8FDC-42A3-9474-1A3956D46DE8}") = "10 - unit tests", "10 - unit tests", "{78F0BA9C-9BC7-4779-9573-4AAFE2353DA9}"
EndProject
Project("{2150E333-8FDC-42A3-9474-1A3956D46DE8}") = "01 - Shared", "01 - Shared", "{8C483853-54B5-40FB-B14B-28383747B06B}"
EndProject
Project("{2150E333-8FDC-42A3-9474-1A3956D46DE8}") = "02 - Windows", "02 - Windows", "{1030673B-B627-44FE-A2AE-327B6146535E}"
EndProject
Project("{2150E333-8FDC-42A3-9474-1A3956D46DE8}") = "03 - Linux", "03 - Linux", "{CA240A44-4043-4989-B3A0-8BA28C0E0663}"
EndProject
Project("{8BC9CEB8-8B4A-11D0-8D11-00A0C91BC942}") = "Elysium.Core", "Libraries\01-Shared\Elysium.Core\Elysium.Core.vcxitems", "{FF6B7D0C-4C97-415A-B5B6-D0C21E6B50CF}"
EndProject
Project("{8BC9CEB8-8B4A-11D0-8D11-00A0C91BC942}") = "Elysium.Core.Data", "Libraries\01-Shared\Elysium.Core.Data\Elysium.Core.Data.vcxitems", "{EE7A43C1-C408-4688-920F-5878C6E6A7C7}"
EndProject
Project("{8BC9CEB8-8B4A-11D0-8D11-00A0C91BC942}") = "Elysium.Core.Data.SqlNativeClient.OleDb", "Libraries\01-Shared\Elysium.Core.Data.SqlNativeClient.OleDb\Elysium.Core.Data.SqlNativeClient.OleDb.vcxitems", "{8BBDEA16-0960-479D-941D-FE662E7740E8}"
EndProject
Project("{8BC9CEB8-8B4A-11D0-8D11-00A0C91BC942}") = "Elysium.Core.Math", "Libraries\01-Shared\Elysium.Core.Math\Elysium.Core.Math.vcxitems", "{F612B617-2B63-4644-852F-642827A6BA4F}"
EndProject
Project("{8BC9CEB8-8B4A-11D0-8D11-00A0C91BC942}") = "Elysium.Core.Net", "Libraries\01-Shared\Elysium.Core.Net\Elysium.Core.Net.vcxitems", "{D1DFDE03-A987-4EE3-9FE9-007FD7E8648E}"
EndProject
Project("{2150E333-8FDC-42A3-9474-1A3956D46DE8}") = "04 - Android", "04 - Android", "{97564E04-FC7D-40C1-9185-E888F66E24CB}"
EndProject
Project("{2150E333-8FDC-42A3-9474-1A3956D46DE8}") = "01 - Shared", "01 - Shared", "{3E9C7F7C-27D8-4867-AD12-F5E59FD5ED2F}"
EndProject
Project("{2150E333-8FDC-42A3-9474-1A3956D46DE8}") = "02 - Windows", "02 - Windows", "{63A9D5D7-8E60-4AEB-94A9-C193FD6E8999}"
EndProject
Project("{2150E333-8FDC-42A3-9474-1A3956D46DE8}") = "03 - Linux", "03 - Linux", "{389A3220-2A33-471D-B7A9-12707A620F90}"
EndProject
Project("{2150E333-8FDC-42A3-9474-1A3956D46DE8}") = "04 - Android", "04 - Android", "{E2CCACEB-2B46-4926-ACA2-88C237E81B26}"
EndProject
Project("{8BC9CEB8-8B4A-11D0-8D11-00A0C91BC942}") = "Elysium.Core", "Libraries\02-Windows\Elysium.Core\Elysium.Core.vcxproj", "{4307FE45-8BDF-4850-9BF0-129B2DCA2EB7}"
EndProject
Project("{8BC9CEB8-8B4A-11D0-8D11-00A0C91BC942}") = "Elysium.Core.Data", "Libraries\02-Windows\Elysium.Core.Data\Elysium.Core.Data.vcxproj", "{D72C0184-B715-4762-9004-ACE86B3E15FB}"
EndProject
Project("{8BC9CEB8-8B4A-11D0-8D11-00A0C91BC942}") = "Elysium.Core.IO", "Libraries\01-Shared\Elysium.Core.IO\Elysium.Core.IO.vcxitems", "{328BC640-06C0-47C1-8091-FE3B2C191222}"
EndProject
Project("{8BC9CEB8-8B4A-11D0-8D11-00A0C91BC942}") = "Elysium.Core.Threading", "Libraries\01-Shared\Elysium.Core.Threading\Elysium.Core.Threading.vcxitems", "{2E31205A-3FCD-45B6-A9A1-329204CEB079}"
EndProject
Project("{8BC9CEB8-8B4A-11D0-8D11-00A0C91BC942}") = "Elysium.Core.Data.SqlNativeClient", "Libraries\02-Windows\Elysium.Core.Data.SqlNativeClient\Elysium.Core.Data.SqlNativeClient.vcxproj", "{95297142-7D9E-4ACB-9F74-3D18572ED6C6}"
EndProject
Project("{8BC9CEB8-8B4A-11D0-8D11-00A0C91BC942}") = "Elysium.Core.Data.SqlNativeClient.ODBC", "Libraries\01-Shared\Elysium.Core.Data.SqlNativeClient.ODBC\Elysium.Core.Data.SqlNativeClient.ODBC.vcxitems", "{DDA554CE-E73B-4FCB-9DA0-EC45214C84DF}"
EndProject
Project("{8BC9CEB8-8B4A-11D0-8D11-00A0C91BC942}") = "Elysium.Core.Net", "Libraries\02-Windows\Elysium.Core.Net\Elysium.Core.Net.vcxproj", "{D1232826-D63B-4395-B204-F43D442C207E}"
EndProject
Project("{8BC9CEB8-8B4A-11D0-8D11-00A0C91BC942}") = "Elysium.Core.Math", "Libraries\02-Windows\Elysium.Core.Math\Elysium.Core.Math.vcxproj", "{ADB5D221-A0F1-4EEE-9101-8988FDF910B8}"
EndProject
Project("{2150E333-8FDC-42A3-9474-1A3956D46DE8}") = "20 - samples", "20 - samples", "{85AB4BBD-CEB5-4CD9-AEE8-AB25EA6DB9B7}"
EndProject
Project("{2150E333-8FDC-42A3-9474-1A3956D46DE8}") = "01 - Shared", "01 - Shared", "{9CBE2BD0-070D-455D-BEDA-BBE0A6FF7B3A}"
EndProject
Project("{2150E333-8FDC-42A3-9474-1A3956D46DE8}") = "02 - Windows", "02 - Windows", "{4917035F-B716-495C-BDB8-CD7E2ED923D2}"
EndProject
Project("{2150E333-8FDC-42A3-9474-1A3956D46DE8}") = "03 - Linux", "03 - Linux", "{5F7E483A-4C7A-4F0C-95F8-ED94359CA147}"
EndProject
Project("{2150E333-8FDC-42A3-9474-1A3956D46DE8}") = "04 - Android", "04 - Android", "{8818ED88-71DE-4741-A59C-386C1D429A82}"
EndProject
Project("{2150E333-8FDC-42A3-9474-1A3956D46DE8}") = "11 - test applications", "11 - test applications", "{C66483A0-240C-4223-945E-E3AFD745C569}"
EndProject
Project("{2150E333-8FDC-42A3-9474-1A3956D46DE8}") = "01 - Shared", "01 - Shared", "{A8DBA0A4-46D7-46D9-BA66-A8C3200C33EB}"
EndProject
Project("{2150E333-8FDC-42A3-9474-1A3956D46DE8}") = "02 - Windows", "02 - Windows", "{143046D0-5FBB-4C7D-A7BF-18DE3523C13E}"
EndProject
Project("{2150E333-8FDC-42A3-9474-1A3956D46DE8}") = "03 - Linux", "03 - Linux", "{BD109944-7641-4725-9EE2-8FB15F45D037}"
EndProject
Project("{2150E333-8FDC-42A3-9474-1A3956D46DE8}") = "04 - Android", "04 - Android", "{CFE7925C-6FEA-4DCA-9E5B-0000F9275956}"
EndProject
Project("{8BC9CEB8-8B4A-11D0-8D11-00A0C91BC942}") = "UnitTests.Core", "UnitTests\01-Shared\UnitTests.Core\UnitTests.Core.vcxitems", "{1C9D9572-A652-4285-8A6B-25E83EF859C5}"
EndProject
Project("{8BC9CEB8-8B4A-11D0-8D11-00A0C91BC942}") = "UnitTests.Core", "UnitTests\02-Windows\UnitTests.Core\UnitTests.Core.vcxproj", "{35E6A008-A909-453D-90F4-8EBE79BB86CE}"
EndProject
Project("{8BC9CEB8-8B4A-11D0-8D11-00A0C91BC942}") = "Elysium.Core.Data.AdoClient", "Libraries\01-Shared\Elysium.Core.Data.AdoClient\Elysium.Core.Data.AdoClient.vcxitems", "{6A52F036-6569-4DB6-BAD5-D50FF58F39EE}"
EndProject
Project("{8BC9CEB8-8B4A-11D0-8D11-00A0C91BC942}") = "UnitTestExtensions", "UnitTests\01-Shared\UnitTestExtensions\UnitTestExtensions.vcxitems", "{275D07C1-A1BF-46DB-9B7F-3C135AA74EE3}"
EndProject
Project("{8BC9CEB8-8B4A-11D0-8D11-00A0C91BC942}") = "UnitTests.Core.Net", "UnitTests\02-Windows\UnitTests.Core.Net\UnitTests.Core.Net.vcxproj", "{7D30FE61-9249-4556-B392-29563D82E150}"
EndProject
Project("{8BC9CEB8-8B4A-11D0-8D11-00A0C91BC942}") = "UnitTests.Core.Data", "UnitTests\02-Windows\UnitTests.Core.Data\UnitTests.Core.Data.vcxproj", "{93501E30-8BF5-4CB7-8C13-DE2001425BF5}"
EndProject
Project("{8BC9CEB8-8B4A-11D0-8D11-00A0C91BC942}") = "UnitTests.Core.Math", "UnitTests\02-Windows\UnitTests.Core.Math\UnitTests.Core.Math.vcxproj", "{BE1492A2-FD64-4DDA-8FFD-7433F3D78EB6}"
EndProject
Project("{8BC9CEB8-8B4A-11D0-8D11-00A0C91BC942}") = "Elysium.Core.ServiceProcess", "Libraries\01-Shared\Elysium.Core.ServiceProcess\Elysium.Core.ServiceProcess.vcxitems", "{B29C5CF1-D637-47AA-AAE6-CBB9028BA3D3}"
EndProject
Project("{8BC9CEB8-8B4A-11D0-8D11-00A0C91BC942}") = "Elysium.Core.ServiceProcess", "Libraries\02-Windows\Elysium.Core.ServiceProcess\Elysium.Core.ServiceProcess.vcxproj", "{10F92D9C-832E-4DDD-B353-F3D89548CCE6}"
EndProject
Global
	GlobalSection(SharedMSBuildProjectFiles) = preSolution
		Libraries\01-Shared\Elysium.Core.ServiceProcess\Elysium.Core.ServiceProcess.vcxitems*{10f92d9c-832e-4ddd-b353-f3d89548cce6}*SharedItemsImports = 4
		UnitTests\01-Shared\UnitTests.Core\UnitTests.Core.vcxitems*{1c9d9572-a652-4285-8a6b-25e83ef859c5}*SharedItemsImports = 9
		UnitTests\01-Shared\UnitTestExtensions\UnitTestExtensions.vcxitems*{275d07c1-a1bf-46db-9b7f-3c135aa74ee3}*SharedItemsImports = 9
		Libraries\01-Shared\Elysium.Core.Threading\Elysium.Core.Threading.vcxitems*{2e31205a-3fcd-45b6-a9a1-329204ceb079}*SharedItemsImports = 9
		Libraries\01-Shared\Elysium.Core.IO\Elysium.Core.IO.vcxitems*{328bc640-06c0-47c1-8091-fe3b2c191222}*SharedItemsImports = 9
		UnitTests\01-Shared\UnitTestExtensions\UnitTestExtensions.vcxitems*{35e6a008-a909-453d-90f4-8ebe79bb86ce}*SharedItemsImports = 4
		UnitTests\01-Shared\UnitTests.Core\UnitTests.Core.vcxitems*{35e6a008-a909-453d-90f4-8ebe79bb86ce}*SharedItemsImports = 4
		Libraries\01-Shared\Elysium.Core.IO\Elysium.Core.IO.vcxitems*{4307fe45-8bdf-4850-9bf0-129b2dca2eb7}*SharedItemsImports = 4
		Libraries\01-Shared\Elysium.Core.Threading\Elysium.Core.Threading.vcxitems*{4307fe45-8bdf-4850-9bf0-129b2dca2eb7}*SharedItemsImports = 4
		Libraries\01-Shared\Elysium.Core\Elysium.Core.vcxitems*{4307fe45-8bdf-4850-9bf0-129b2dca2eb7}*SharedItemsImports = 4
		Libraries\01-Shared\Elysium.Core.Data.AdoClient\Elysium.Core.Data.AdoClient.vcxitems*{6a52f036-6569-4db6-bad5-d50ff58f39ee}*SharedItemsImports = 9
		UnitTests\01-Shared\UnitTestExtensions\UnitTestExtensions.vcxitems*{7d30fe61-9249-4556-b392-29563d82e150}*SharedItemsImports = 4
		Libraries\01-Shared\Elysium.Core.Data.SqlNativeClient.OleDb\Elysium.Core.Data.SqlNativeClient.OleDb.vcxitems*{8bbdea16-0960-479d-941d-fe662e7740e8}*SharedItemsImports = 9
		UnitTests\01-Shared\UnitTestExtensions\UnitTestExtensions.vcxitems*{93501e30-8bf5-4cb7-8c13-de2001425bf5}*SharedItemsImports = 4
		Libraries\01-Shared\Elysium.Core.Data.SqlNativeClient.ODBC\Elysium.Core.Data.SqlNativeClient.ODBC.vcxitems*{95297142-7d9e-4acb-9f74-3d18572ed6c6}*SharedItemsImports = 4
		Libraries\01-Shared\Elysium.Core.Data.SqlNativeClient.OleDb\Elysium.Core.Data.SqlNativeClient.OleDb.vcxitems*{95297142-7d9e-4acb-9f74-3d18572ed6c6}*SharedItemsImports = 4
		Libraries\01-Shared\Elysium.Core.Math\Elysium.Core.Math.vcxitems*{adb5d221-a0f1-4eee-9101-8988fdf910b8}*SharedItemsImports = 4
		Libraries\01-Shared\Elysium.Core.ServiceProcess\Elysium.Core.ServiceProcess.vcxitems*{b29c5cf1-d637-47aa-aae6-cbb9028ba3d3}*SharedItemsImports = 9
		UnitTests\01-Shared\UnitTestExtensions\UnitTestExtensions.vcxitems*{be1492a2-fd64-4dda-8ffd-7433f3d78eb6}*SharedItemsImports = 4
		Libraries\01-Shared\Elysium.Core.Net\Elysium.Core.Net.vcxitems*{d1232826-d63b-4395-b204-f43d442c207e}*SharedItemsImports = 4
		Libraries\01-Shared\Elysium.Core.Net\Elysium.Core.Net.vcxitems*{d1dfde03-a987-4ee3-9fe9-007fd7e8648e}*SharedItemsImports = 9
		Libraries\01-Shared\Elysium.Core.Data\Elysium.Core.Data.vcxitems*{d72c0184-b715-4762-9004-ace86b3e15fb}*SharedItemsImports = 4
		Libraries\01-Shared\Elysium.Core.Data.SqlNativeClient.ODBC\Elysium.Core.Data.SqlNativeClient.ODBC.vcxitems*{dda554ce-e73b-4fcb-9da0-ec45214c84df}*SharedItemsImports = 9
		Libraries\01-Shared\Elysium.Core.Data\Elysium.Core.Data.vcxitems*{ee7a43c1-c408-4688-920f-5878c6e6a7c7}*SharedItemsImports = 9
		Libraries\01-Shared\Elysium.Core.Math\Elysium.Core.Math.vcxitems*{f612b617-2b63-4644-852f-642827a6ba4f}*SharedItemsImports = 9
		Libraries\01-Shared\Elysium.Core\Elysium.Core.vcxitems*{ff6b7d0c-4c97-415a-b5b6-d0c21e6b50cf}*SharedItemsImports = 9
	EndGlobalSection
	GlobalSection(SolutionConfigurationPlatforms) = preSolution
		Debug|x64 = Debug|x64
		Debug|x86 = Debug|x86
		Release|x64 = Release|x64
		Release|x86 = Release|x86
	EndGlobalSection
	GlobalSection(ProjectConfigurationPlatforms) = postSolution
		{4307FE45-8BDF-4850-9BF0-129B2DCA2EB7}.Debug|x64.ActiveCfg = Debug|x64
		{4307FE45-8BDF-4850-9BF0-129B2DCA2EB7}.Debug|x64.Build.0 = Debug|x64
		{4307FE45-8BDF-4850-9BF0-129B2DCA2EB7}.Debug|x86.ActiveCfg = Debug|Win32
		{4307FE45-8BDF-4850-9BF0-129B2DCA2EB7}.Debug|x86.Build.0 = Debug|Win32
		{4307FE45-8BDF-4850-9BF0-129B2DCA2EB7}.Release|x64.ActiveCfg = Release|x64
		{4307FE45-8BDF-4850-9BF0-129B2DCA2EB7}.Release|x64.Build.0 = Release|x64
		{4307FE45-8BDF-4850-9BF0-129B2DCA2EB7}.Release|x86.ActiveCfg = Release|Win32
		{4307FE45-8BDF-4850-9BF0-129B2DCA2EB7}.Release|x86.Build.0 = Release|Win32
		{D72C0184-B715-4762-9004-ACE86B3E15FB}.Debug|x64.ActiveCfg = Debug|x64
		{D72C0184-B715-4762-9004-ACE86B3E15FB}.Debug|x64.Build.0 = Debug|x64
		{D72C0184-B715-4762-9004-ACE86B3E15FB}.Debug|x86.ActiveCfg = Debug|Win32
		{D72C0184-B715-4762-9004-ACE86B3E15FB}.Debug|x86.Build.0 = Debug|Win32
		{D72C0184-B715-4762-9004-ACE86B3E15FB}.Release|x64.ActiveCfg = Release|x64
		{D72C0184-B715-4762-9004-ACE86B3E15FB}.Release|x64.Build.0 = Release|x64
		{D72C0184-B715-4762-9004-ACE86B3E15FB}.Release|x86.ActiveCfg = Release|Win32
		{D72C0184-B715-4762-9004-ACE86B3E15FB}.Release|x86.Build.0 = Release|Win32
		{95297142-7D9E-4ACB-9F74-3D18572ED6C6}.Debug|x64.ActiveCfg = Debug|x64
		{95297142-7D9E-4ACB-9F74-3D18572ED6C6}.Debug|x64.Build.0 = Debug|x64
		{95297142-7D9E-4ACB-9F74-3D18572ED6C6}.Debug|x86.ActiveCfg = Debug|Win32
		{95297142-7D9E-4ACB-9F74-3D18572ED6C6}.Debug|x86.Build.0 = Debug|Win32
		{95297142-7D9E-4ACB-9F74-3D18572ED6C6}.Release|x64.ActiveCfg = Release|x64
		{95297142-7D9E-4ACB-9F74-3D18572ED6C6}.Release|x64.Build.0 = Release|x64
		{95297142-7D9E-4ACB-9F74-3D18572ED6C6}.Release|x86.ActiveCfg = Release|Win32
		{95297142-7D9E-4ACB-9F74-3D18572ED6C6}.Release|x86.Build.0 = Release|Win32
		{D1232826-D63B-4395-B204-F43D442C207E}.Debug|x64.ActiveCfg = Debug|x64
		{D1232826-D63B-4395-B204-F43D442C207E}.Debug|x64.Build.0 = Debug|x64
		{D1232826-D63B-4395-B204-F43D442C207E}.Debug|x86.ActiveCfg = Debug|Win32
		{D1232826-D63B-4395-B204-F43D442C207E}.Debug|x86.Build.0 = Debug|Win32
		{D1232826-D63B-4395-B204-F43D442C207E}.Release|x64.ActiveCfg = Release|x64
		{D1232826-D63B-4395-B204-F43D442C207E}.Release|x64.Build.0 = Release|x64
		{D1232826-D63B-4395-B204-F43D442C207E}.Release|x86.ActiveCfg = Release|Win32
		{D1232826-D63B-4395-B204-F43D442C207E}.Release|x86.Build.0 = Release|Win32
		{ADB5D221-A0F1-4EEE-9101-8988FDF910B8}.Debug|x64.ActiveCfg = Debug|x64
		{ADB5D221-A0F1-4EEE-9101-8988FDF910B8}.Debug|x64.Build.0 = Debug|x64
		{ADB5D221-A0F1-4EEE-9101-8988FDF910B8}.Debug|x86.ActiveCfg = Debug|Win32
		{ADB5D221-A0F1-4EEE-9101-8988FDF910B8}.Debug|x86.Build.0 = Debug|Win32
		{ADB5D221-A0F1-4EEE-9101-8988FDF910B8}.Release|x64.ActiveCfg = Release|x64
		{ADB5D221-A0F1-4EEE-9101-8988FDF910B8}.Release|x64.Build.0 = Release|x64
		{ADB5D221-A0F1-4EEE-9101-8988FDF910B8}.Release|x86.ActiveCfg = Release|Win32
		{ADB5D221-A0F1-4EEE-9101-8988FDF910B8}.Release|x86.Build.0 = Release|Win32
		{35E6A008-A909-453D-90F4-8EBE79BB86CE}.Debug|x64.ActiveCfg = Debug|x64
		{35E6A008-A909-453D-90F4-8EBE79BB86CE}.Debug|x64.Build.0 = Debug|x64
		{35E6A008-A909-453D-90F4-8EBE79BB86CE}.Debug|x86.ActiveCfg = Debug|Win32
		{35E6A008-A909-453D-90F4-8EBE79BB86CE}.Debug|x86.Build.0 = Debug|Win32
		{35E6A008-A909-453D-90F4-8EBE79BB86CE}.Release|x64.ActiveCfg = Release|x64
		{35E6A008-A909-453D-90F4-8EBE79BB86CE}.Release|x64.Build.0 = Release|x64
		{35E6A008-A909-453D-90F4-8EBE79BB86CE}.Release|x86.ActiveCfg = Release|Win32
		{35E6A008-A909-453D-90F4-8EBE79BB86CE}.Release|x86.Build.0 = Release|Win32
		{7D30FE61-9249-4556-B392-29563D82E150}.Debug|x64.ActiveCfg = Debug|x64
		{7D30FE61-9249-4556-B392-29563D82E150}.Debug|x64.Build.0 = Debug|x64
		{7D30FE61-9249-4556-B392-29563D82E150}.Debug|x86.ActiveCfg = Debug|Win32
		{7D30FE61-9249-4556-B392-29563D82E150}.Debug|x86.Build.0 = Debug|Win32
		{7D30FE61-9249-4556-B392-29563D82E150}.Release|x64.ActiveCfg = Release|x64
		{7D30FE61-9249-4556-B392-29563D82E150}.Release|x64.Build.0 = Release|x64
		{7D30FE61-9249-4556-B392-29563D82E150}.Release|x86.ActiveCfg = Release|Win32
		{7D30FE61-9249-4556-B392-29563D82E150}.Release|x86.Build.0 = Release|Win32
		{93501E30-8BF5-4CB7-8C13-DE2001425BF5}.Debug|x64.ActiveCfg = Debug|x64
		{93501E30-8BF5-4CB7-8C13-DE2001425BF5}.Debug|x64.Build.0 = Debug|x64
		{93501E30-8BF5-4CB7-8C13-DE2001425BF5}.Debug|x86.ActiveCfg = Debug|Win32
		{93501E30-8BF5-4CB7-8C13-DE2001425BF5}.Debug|x86.Build.0 = Debug|Win32
		{93501E30-8BF5-4CB7-8C13-DE2001425BF5}.Release|x64.ActiveCfg = Release|x64
		{93501E30-8BF5-4CB7-8C13-DE2001425BF5}.Release|x64.Build.0 = Release|x64
		{93501E30-8BF5-4CB7-8C13-DE2001425BF5}.Release|x86.ActiveCfg = Release|Win32
		{93501E30-8BF5-4CB7-8C13-DE2001425BF5}.Release|x86.Build.0 = Release|Win32
		{BE1492A2-FD64-4DDA-8FFD-7433F3D78EB6}.Debug|x64.ActiveCfg = Debug|x64
		{BE1492A2-FD64-4DDA-8FFD-7433F3D78EB6}.Debug|x64.Build.0 = Debug|x64
		{BE1492A2-FD64-4DDA-8FFD-7433F3D78EB6}.Debug|x86.ActiveCfg = Debug|Win32
		{BE1492A2-FD64-4DDA-8FFD-7433F3D78EB6}.Debug|x86.Build.0 = Debug|Win32
		{BE1492A2-FD64-4DDA-8FFD-7433F3D78EB6}.Release|x64.ActiveCfg = Release|x64
		{BE1492A2-FD64-4DDA-8FFD-7433F3D78EB6}.Release|x64.Build.0 = Release|x64
		{BE1492A2-FD64-4DDA-8FFD-7433F3D78EB6}.Release|x86.ActiveCfg = Release|Win32
		{BE1492A2-FD64-4DDA-8FFD-7433F3D78EB6}.Release|x86.Build.0 = Release|Win32
		{10F92D9C-832E-4DDD-B353-F3D89548CCE6}.Debug|x64.ActiveCfg = Debug|x64
		{10F92D9C-832E-4DDD-B353-F3D89548CCE6}.Debug|x64.Build.0 = Debug|x64
		{10F92D9C-832E-4DDD-B353-F3D89548CCE6}.Debug|x86.ActiveCfg = Debug|Win32
		{10F92D9C-832E-4DDD-B353-F3D89548CCE6}.Debug|x86.Build.0 = Debug|Win32
		{10F92D9C-832E-4DDD-B353-F3D89548CCE6}.Release|x64.ActiveCfg = Release|x64
		{10F92D9C-832E-4DDD-B353-F3D89548CCE6}.Release|x64.Build.0 = Release|x64
		{10F92D9C-832E-4DDD-B353-F3D89548CCE6}.Release|x86.ActiveCfg = Release|Win32
		{10F92D9C-832E-4DDD-B353-F3D89548CCE6}.Release|x86.Build.0 = Release|Win32
	EndGlobalSection
	GlobalSection(SolutionProperties) = preSolution
		HideSolutionNode = FALSE
	EndGlobalSection
	GlobalSection(NestedProjects) = preSolution
		{8C483853-54B5-40FB-B14B-28383747B06B} = {E1BE999E-098C-4E1C-AA12-CD2F62312AD8}
		{1030673B-B627-44FE-A2AE-327B6146535E} = {E1BE999E-098C-4E1C-AA12-CD2F62312AD8}
		{CA240A44-4043-4989-B3A0-8BA28C0E0663} = {E1BE999E-098C-4E1C-AA12-CD2F62312AD8}
		{FF6B7D0C-4C97-415A-B5B6-D0C21E6B50CF} = {8C483853-54B5-40FB-B14B-28383747B06B}
		{EE7A43C1-C408-4688-920F-5878C6E6A7C7} = {8C483853-54B5-40FB-B14B-28383747B06B}
		{8BBDEA16-0960-479D-941D-FE662E7740E8} = {8C483853-54B5-40FB-B14B-28383747B06B}
		{F612B617-2B63-4644-852F-642827A6BA4F} = {8C483853-54B5-40FB-B14B-28383747B06B}
		{D1DFDE03-A987-4EE3-9FE9-007FD7E8648E} = {8C483853-54B5-40FB-B14B-28383747B06B}
		{97564E04-FC7D-40C1-9185-E888F66E24CB} = {E1BE999E-098C-4E1C-AA12-CD2F62312AD8}
		{3E9C7F7C-27D8-4867-AD12-F5E59FD5ED2F} = {78F0BA9C-9BC7-4779-9573-4AAFE2353DA9}
		{63A9D5D7-8E60-4AEB-94A9-C193FD6E8999} = {78F0BA9C-9BC7-4779-9573-4AAFE2353DA9}
		{389A3220-2A33-471D-B7A9-12707A620F90} = {78F0BA9C-9BC7-4779-9573-4AAFE2353DA9}
		{E2CCACEB-2B46-4926-ACA2-88C237E81B26} = {78F0BA9C-9BC7-4779-9573-4AAFE2353DA9}
		{4307FE45-8BDF-4850-9BF0-129B2DCA2EB7} = {1030673B-B627-44FE-A2AE-327B6146535E}
		{D72C0184-B715-4762-9004-ACE86B3E15FB} = {1030673B-B627-44FE-A2AE-327B6146535E}
		{328BC640-06C0-47C1-8091-FE3B2C191222} = {8C483853-54B5-40FB-B14B-28383747B06B}
		{2E31205A-3FCD-45B6-A9A1-329204CEB079} = {8C483853-54B5-40FB-B14B-28383747B06B}
		{95297142-7D9E-4ACB-9F74-3D18572ED6C6} = {1030673B-B627-44FE-A2AE-327B6146535E}
		{DDA554CE-E73B-4FCB-9DA0-EC45214C84DF} = {8C483853-54B5-40FB-B14B-28383747B06B}
		{D1232826-D63B-4395-B204-F43D442C207E} = {1030673B-B627-44FE-A2AE-327B6146535E}
		{ADB5D221-A0F1-4EEE-9101-8988FDF910B8} = {1030673B-B627-44FE-A2AE-327B6146535E}
		{9CBE2BD0-070D-455D-BEDA-BBE0A6FF7B3A} = {85AB4BBD-CEB5-4CD9-AEE8-AB25EA6DB9B7}
		{4917035F-B716-495C-BDB8-CD7E2ED923D2} = {85AB4BBD-CEB5-4CD9-AEE8-AB25EA6DB9B7}
		{5F7E483A-4C7A-4F0C-95F8-ED94359CA147} = {85AB4BBD-CEB5-4CD9-AEE8-AB25EA6DB9B7}
		{8818ED88-71DE-4741-A59C-386C1D429A82} = {85AB4BBD-CEB5-4CD9-AEE8-AB25EA6DB9B7}
		{A8DBA0A4-46D7-46D9-BA66-A8C3200C33EB} = {C66483A0-240C-4223-945E-E3AFD745C569}
		{143046D0-5FBB-4C7D-A7BF-18DE3523C13E} = {C66483A0-240C-4223-945E-E3AFD745C569}
		{BD109944-7641-4725-9EE2-8FB15F45D037} = {C66483A0-240C-4223-945E-E3AFD745C569}
		{CFE7925C-6FEA-4DCA-9E5B-0000F9275956} = {C66483A0-240C-4223-945E-E3AFD745C569}
		{1C9D9572-A652-4285-8A6B-25E83EF859C5} = {3E9C7F7C-27D8-4867-AD12-F5E59FD5ED2F}
		{35E6A008-A909-453D-90F4-8EBE79BB86CE} = {63A9D5D7-8E60-4AEB-94A9-C193FD6E8999}
		{6A52F036-6569-4DB6-BAD5-D50FF58F39EE} = {8C483853-54B5-40FB-B14B-28383747B06B}
		{275D07C1-A1BF-46DB-9B7F-3C135AA74EE3} = {3E9C7F7C-27D8-4867-AD12-F5E59FD5ED2F}
		{7D30FE61-9249-4556-B392-29563D82E150} = {63A9D5D7-8E60-4AEB-94A9-C193FD6E8999}
		{93501E30-8BF5-4CB7-8C13-DE2001425BF5} = {63A9D5D7-8E60-4AEB-94A9-C193FD6E8999}
		{BE1492A2-FD64-4DDA-8FFD-7433F3D78EB6} = {63A9D5D7-8E60-4AEB-94A9-C193FD6E8999}
		{B29C5CF1-D637-47AA-AAE6-CBB9028BA3D3} = {8C483853-54B5-40FB-B14B-28383747B06B}
		{10F92D9C-832E-4DDD-B353-F3D89548CCE6} = {1030673B-B627-44FE-A2AE-327B6146535E}
	EndGlobalSection
	GlobalSection(ExtensibilityGlobals) = postSolution
		SolutionGuid = {4AA08059-DCCC-424A-B02C-2C605758B058}
	EndGlobalSection
EndGlobal
