<?xml version="1.0" encoding="utf-8"?>
<Project ToolsVersion="4.0" xmlns="http://schemas.microsoft.com/developer/msbuild/2003">
  <ItemGroup>
    <Filter Include="Synthesis">
      <UniqueIdentifier>{7f654fe3-75c6-47dd-a12f-7a6705baaca7}</UniqueIdentifier>
    </Filter>
    <Filter Include="Recognition">
      <UniqueIdentifier>{caa27c7b-6164-4218-a1f8-e2789264c166}</UniqueIdentifier>
    </Filter>
    <Filter Include="AudioFormat">
      <UniqueIdentifier>{5efd0326-0022-4608-b7d1-a7e1fe74f343}</UniqueIdentifier>
    </Filter>
  </ItemGroup>
  <ItemGroup>
    <ClInclude Include="$(MSBuildThisFileDirectory)VoiceAge.hpp">
      <Filter>Synthesis</Filter>
    </ClInclude>
    <ClInclude Include="$(MSBuildThisFileDirectory)VoiceGender.hpp">
      <Filter>Synthesis</Filter>
    </ClInclude>
    <ClInclude Include="$(MSBuildThisFileDirectory)API.hpp" />
    <ClInclude Include="$(MSBuildThisFileDirectory)SynthesizerState.hpp">
      <Filter>Synthesis</Filter>
    </ClInclude>
    <ClInclude Include="$(MSBuildThisFileDirectory)SynthesizerEmphasis.hpp">
      <Filter>Synthesis</Filter>
    </ClInclude>
    <ClInclude Include="$(MSBuildThisFileDirectory)SpeechSynthesizer.hpp">
      <Filter>Synthesis</Filter>
    </ClInclude>
    <ClInclude Include="$(MSBuildThisFileDirectory)InstalledVoice.hpp">
      <Filter>Synthesis</Filter>
    </ClInclude>
    <ClInclude Include="$(MSBuildThisFileDirectory)VoiceInfo.hpp">
      <Filter>Synthesis</Filter>
    </ClInclude>
    <ClInclude Include="$(MSBuildThisFileDirectory)SpeechAudioFormatInfo.hpp">
      <Filter>AudioFormat</Filter>
    </ClInclude>
    <ClInclude Include="$(MSBuildThisFileDirectory)AudioBitsPerSample.hpp">
      <Filter>AudioFormat</Filter>
    </ClInclude>
    <ClInclude Include="$(MSBuildThisFileDirectory)AudioChannel.hpp">
      <Filter>AudioFormat</Filter>
    </ClInclude>
    <ClInclude Include="$(MSBuildThisFileDirectory)EncodingFormat.hpp">
      <Filter>AudioFormat</Filter>
    </ClInclude>
    <ClInclude Include="$(MSBuildThisFileDirectory)SpeechRecognitionEngine.hpp">
      <Filter>Recognition</Filter>
    </ClInclude>
    <ClInclude Include="$(MSBuildThisFileDirectory)VoiceChangeEventArgs.hpp">
      <Filter>Synthesis</Filter>
    </ClInclude>
    <ClInclude Include="$(MSBuildThisFileDirectory)PromptEventArgs.hpp">
      <Filter>Synthesis</Filter>
    </ClInclude>
    <ClInclude Include="$(MSBuildThisFileDirectory)SpeakStartedEventArgs.hpp">
      <Filter>Synthesis</Filter>
    </ClInclude>
    <ClInclude Include="$(MSBuildThisFileDirectory)BookmarkReachedEventArgs.hpp">
      <Filter>Synthesis</Filter>
    </ClInclude>
    <ClInclude Include="$(MSBuildThisFileDirectory)StateChangedEventArgs.hpp">
      <Filter>Synthesis</Filter>
    </ClInclude>
  </ItemGroup>
  <ItemGroup>
    <ClCompile Include="$(MSBuildThisFileDirectory)SpeechSynthesizer.cpp">
      <Filter>Synthesis</Filter>
    </ClCompile>
    <ClCompile Include="$(MSBuildThisFileDirectory)InstalledVoice.cpp">
      <Filter>Synthesis</Filter>
    </ClCompile>
    <ClCompile Include="$(MSBuildThisFileDirectory)VoiceInfo.cpp">
      <Filter>Synthesis</Filter>
    </ClCompile>
    <ClCompile Include="$(MSBuildThisFileDirectory)SpeechAudioFormatInfo.cpp">
      <Filter>AudioFormat</Filter>
    </ClCompile>
    <ClCompile Include="$(MSBuildThisFileDirectory)SpeechRecognitionEngine.cpp">
      <Filter>Recognition</Filter>
    </ClCompile>
    <ClCompile Include="$(MSBuildThisFileDirectory)VoiceChangeEventArgs.cpp">
      <Filter>Synthesis</Filter>
    </ClCompile>
    <ClCompile Include="$(MSBuildThisFileDirectory)PromptEventArgs.cpp">
      <Filter>Synthesis</Filter>
    </ClCompile>
    <ClCompile Include="$(MSBuildThisFileDirectory)SpeakStartedEventArgs.cpp">
      <Filter>Synthesis</Filter>
    </ClCompile>
    <ClCompile Include="$(MSBuildThisFileDirectory)BookmarkReachedEventArgs.cpp">
      <Filter>Synthesis</Filter>
    </ClCompile>
    <ClCompile Include="$(MSBuildThisFileDirectory)StateChangedEventArgs.cpp">
      <Filter>Synthesis</Filter>
    </ClCompile>
  </ItemGroup>
</Project>