<?xml version="1.0" encoding="utf-8"?>
<Project ToolsVersion="4.0" xmlns="http://schemas.microsoft.com/developer/msbuild/2003">
  <ItemGroup>
    <Filter Include="Asn1">
      <UniqueIdentifier>{3b4e5590-f489-439b-bd96-514ccc9a4e5d}</UniqueIdentifier>
    </Filter>
  </ItemGroup>
  <ItemGroup>
    <ClInclude Include="$(MSBuildThisFileDirectory)Oid.hpp" />
    <ClInclude Include="$(MSBuildThisFileDirectory)OidCollection.hpp" />
    <ClInclude Include="$(MSBuildThisFileDirectory)Asn1\Asn1Enumerated.hpp">
      <Filter>Asn1</Filter>
    </ClInclude>
    <ClInclude Include="$(MSBuildThisFileDirectory)Asn1\Asn1Boolean.hpp">
      <Filter>Asn1</Filter>
    </ClInclude>
    <ClInclude Include="$(MSBuildThisFileDirectory)Asn1\Asn1ByteArray.hpp">
      <Filter>Asn1</Filter>
    </ClInclude>
    <ClInclude Include="$(MSBuildThisFileDirectory)Asn1\Asn1DateTime.hpp">
      <Filter>Asn1</Filter>
    </ClInclude>
    <ClInclude Include="$(MSBuildThisFileDirectory)Asn1\Asn1Identifier.hpp">
      <Filter>Asn1</Filter>
    </ClInclude>
    <ClInclude Include="$(MSBuildThisFileDirectory)Asn1\Asn1Integer.hpp">
      <Filter>Asn1</Filter>
    </ClInclude>
    <ClInclude Include="$(MSBuildThisFileDirectory)Asn1\Asn1Length.hpp">
      <Filter>Asn1</Filter>
    </ClInclude>
    <ClInclude Include="$(MSBuildThisFileDirectory)Asn1\Asn1Null.hpp">
      <Filter>Asn1</Filter>
    </ClInclude>
    <ClInclude Include="$(MSBuildThisFileDirectory)Asn1\Asn1ObjectIdentifier.hpp">
      <Filter>Asn1</Filter>
    </ClInclude>
    <ClInclude Include="$(MSBuildThisFileDirectory)Asn1\Asn1Tag.hpp">
      <Filter>Asn1</Filter>
    </ClInclude>
    <ClInclude Include="$(MSBuildThisFileDirectory)Asn1\Asn1Utf8String.hpp">
      <Filter>Asn1</Filter>
    </ClInclude>
    <ClInclude Include="$(MSBuildThisFileDirectory)Asn1\BERDecoder.hpp">
      <Filter>Asn1</Filter>
    </ClInclude>
  </ItemGroup>
</Project>