<?xml version="1.0" encoding="utf-8"?>
<Project ToolsVersion="4.0" xmlns="http://schemas.microsoft.com/developer/msbuild/2003">
  <ItemGroup>
    <ClCompile Include="$(MSBuildThisFileDirectory)ErrorEventArgs.cpp" />
    <ClCompile Include="$(MSBuildThisFileDirectory)FileSystemEventArgs.cpp" />
    <ClCompile Include="$(MSBuildThisFileDirectory)FileSystemWatcher.cpp" />
    <ClCompile Include="$(MSBuildThisFileDirectory)FileSystemWatcherAsyncResult.cpp" />
    <ClCompile Include="$(MSBuildThisFileDirectory)RenamedEventArgs.cpp" />
  </ItemGroup>
  <ItemGroup>
    <ClInclude Include="$(MSBuildThisFileDirectory)API.hpp" />
    <ClInclude Include="$(MSBuildThisFileDirectory)ErrorEventArgs.hpp" />
    <ClInclude Include="$(MSBuildThisFileDirectory)FileSystemEventArgs.hpp" />
    <ClInclude Include="$(MSBuildThisFileDirectory)FileSystemWatcher.hpp" />
    <ClInclude Include="$(MSBuildThisFileDirectory)FileSystemWatcherAsyncResult.hpp" />
    <ClInclude Include="$(MSBuildThisFileDirectory)NotifyFilters.hpp" />
    <ClInclude Include="$(MSBuildThisFileDirectory)RenamedEventArgs.hpp" />
    <ClInclude Include="$(MSBuildThisFileDirectory)WatcherChangeTypes.hpp" />
  </ItemGroup>
</Project>