<?xml version="1.0" encoding="utf-8"?>
<Project ToolsVersion="4.0" xmlns="http://schemas.microsoft.com/developer/msbuild/2003">
  <ItemGroup>
    <Filter Include="Collections">
      <UniqueIdentifier>{bfbea7f9-b7d1-410c-b7a4-1c3816bba533}</UniqueIdentifier>
    </Filter>
    <Filter Include="Diagnostics">
      <UniqueIdentifier>{2814adba-fd8f-451c-a12c-1a6883b5742b}</UniqueIdentifier>
    </Filter>
    <Filter Include="Globalization">
      <UniqueIdentifier>{23c826fa-de84-4c8e-8b91-dc02b3c18f21}</UniqueIdentifier>
    </Filter>
    <Filter Include="Collections\Generic">
      <UniqueIdentifier>{2d41a0b3-0588-4f9f-9278-be2049f8ef5f}</UniqueIdentifier>
    </Filter>
    <Filter Include="Runtime">
      <UniqueIdentifier>{d2fe92a0-e635-42f6-8730-da964314a787}</UniqueIdentifier>
    </Filter>
    <Filter Include="Runtime\InteropServices">
      <UniqueIdentifier>{446c94d0-507e-403c-ae98-72be6f78b20c}</UniqueIdentifier>
    </Filter>
  </ItemGroup>
  <ItemGroup>
    <ClInclude Include="$(MSBuildThisFileDirectory)DateTimeKind.hpp" />
    <ClInclude Include="$(MSBuildThisFileDirectory)Guid.hpp" />
    <ClInclude Include="$(MSBuildThisFileDirectory)Byte.hpp" />
    <ClInclude Include="$(MSBuildThisFileDirectory)Exception.hpp" />
    <ClInclude Include="$(MSBuildThisFileDirectory)NotImplementedException.hpp" />
    <ClInclude Include="$(MSBuildThisFileDirectory)IEnumerable.hpp">
      <Filter>Collections</Filter>
    </ClInclude>
    <ClInclude Include="$(MSBuildThisFileDirectory)ICollection.hpp">
      <Filter>Collections</Filter>
    </ClInclude>
    <ClInclude Include="$(MSBuildThisFileDirectory)IList.hpp">
      <Filter>Collections</Filter>
    </ClInclude>
    <ClInclude Include="$(MSBuildThisFileDirectory)List.hpp">
      <Filter>Collections\Generic</Filter>
    </ClInclude>
    <ClInclude Include="$(MSBuildThisFileDirectory)IndexOutOfRangeException.hpp" />
    <ClInclude Include="$(MSBuildThisFileDirectory)OutOfMemoryException.hpp" />
    <ClInclude Include="$(MSBuildThisFileDirectory)Decimal.hpp" />
    <ClInclude Include="$(MSBuildThisFileDirectory)TimeSpan.hpp" />
    <ClInclude Include="$(MSBuildThisFileDirectory)DateTimeUtility.hpp" />
    <ClInclude Include="$(MSBuildThisFileDirectory)DatePart.hpp" />
    <ClInclude Include="$(MSBuildThisFileDirectory)DateTime.hpp" />
    <ClInclude Include="$(MSBuildThisFileDirectory)DateTimeOffset.hpp" />
    <ClInclude Include="$(MSBuildThisFileDirectory)InvalidCastException.hpp" />
    <ClInclude Include="$(MSBuildThisFileDirectory)InvalidOperationException.hpp" />
    <ClInclude Include="$(MSBuildThisFileDirectory)NotSupportedException.hpp" />
    <ClInclude Include="$(MSBuildThisFileDirectory)UriParser.hpp" />
    <ClInclude Include="$(MSBuildThisFileDirectory)UriComponents.hpp" />
    <ClInclude Include="$(MSBuildThisFileDirectory)UriSyntaxFlags.hpp" />
    <ClInclude Include="$(MSBuildThisFileDirectory)UriParserTable.hpp" />
    <ClInclude Include="$(MSBuildThisFileDirectory)Uri.hpp" />
    <ClInclude Include="$(MSBuildThisFileDirectory)BuildInUriParser.hpp" />
    <ClInclude Include="$(MSBuildThisFileDirectory)Array.hpp">
      <Filter>Collections\Generic</Filter>
    </ClInclude>
    <ClInclude Include="$(MSBuildThisFileDirectory)String.hpp" />
    <ClInclude Include="$(MSBuildThisFileDirectory)COMException.hpp">
      <Filter>Runtime\InteropServices</Filter>
    </ClInclude>
    <ClInclude Include="$(MSBuildThisFileDirectory)ExternalException.hpp">
      <Filter>Runtime\InteropServices</Filter>
    </ClInclude>
    <ClInclude Include="$(MSBuildThisFileDirectory)Calendar.hpp">
      <Filter>Globalization</Filter>
    </ClInclude>
    <ClInclude Include="$(MSBuildThisFileDirectory)CultureInfo.hpp">
      <Filter>Globalization</Filter>
    </ClInclude>
    <ClInclude Include="$(MSBuildThisFileDirectory)ArgumentNullException.hpp" />
    <ClInclude Include="$(MSBuildThisFileDirectory)StringView.hpp" />
    <ClInclude Include="$(MSBuildThisFileDirectory)Version.hpp" />
    <ClInclude Include="$(MSBuildThisFileDirectory)API.hpp" />
    <ClInclude Include="$(MSBuildThisFileDirectory)Convert.hpp" />
    <ClInclude Include="$(MSBuildThisFileDirectory)OperatingSystem.hpp" />
    <ClInclude Include="$(MSBuildThisFileDirectory)PlatformID.hpp" />
    <ClInclude Include="$(MSBuildThisFileDirectory)Environment.hpp" />
    <ClInclude Include="$(MSBuildThisFileDirectory)ReflectAssembly.cpp" />
    <ClInclude Include="$(MSBuildThisFileDirectory)Boolean.hpp" />
    <ClInclude Include="$(MSBuildThisFileDirectory)InvalidOperationException.hpp" />
  </ItemGroup>
  <ItemGroup>
    <ClCompile Include="$(MSBuildThisFileDirectory)Guid.cpp" />
    <ClCompile Include="$(MSBuildThisFileDirectory)Exception.cpp" />
    <ClCompile Include="$(MSBuildThisFileDirectory)NotImplementedException.cpp" />
    <ClCompile Include="$(MSBuildThisFileDirectory)IndexOutOfRangeException.cpp" />
    <ClCompile Include="$(MSBuildThisFileDirectory)OutOfMemoryException.cpp" />
    <ClCompile Include="$(MSBuildThisFileDirectory)Decimal.cpp" />
    <ClCompile Include="$(MSBuildThisFileDirectory)Calendar.cpp">
      <Filter>Globalization</Filter>
    </ClCompile>
    <ClCompile Include="$(MSBuildThisFileDirectory)CultureInfo.cpp">
      <Filter>Globalization</Filter>
    </ClCompile>
    <ClCompile Include="$(MSBuildThisFileDirectory)TimeSpan.cpp" />
    <ClCompile Include="$(MSBuildThisFileDirectory)DateTimeUtility.cpp" />
    <ClCompile Include="$(MSBuildThisFileDirectory)DateTime.cpp" />
    <ClCompile Include="$(MSBuildThisFileDirectory)DateTimeOffset.cpp" />
    <ClCompile Include="$(MSBuildThisFileDirectory)InvalidCastException.cpp" />
    <ClCompile Include="$(MSBuildThisFileDirectory)InvalidOperationException.cpp" />
    <ClCompile Include="$(MSBuildThisFileDirectory)NotSupportedException.cpp" />
    <ClCompile Include="$(MSBuildThisFileDirectory)UriParser.cpp" />
    <ClCompile Include="$(MSBuildThisFileDirectory)UriParserTable.cpp" />
    <ClCompile Include="$(MSBuildThisFileDirectory)Uri.cpp" />
    <ClCompile Include="$(MSBuildThisFileDirectory)BuildInUriParser.cpp" />
    <ClCompile Include="$(MSBuildThisFileDirectory)ExternalException.cpp">
      <Filter>Runtime\InteropServices</Filter>
    </ClCompile>
    <ClCompile Include="$(MSBuildThisFileDirectory)COMException.cpp">
      <Filter>Runtime\InteropServices</Filter>
    </ClCompile>
    <ClCompile Include="$(MSBuildThisFileDirectory)String.cpp" />
    <ClCompile Include="$(MSBuildThisFileDirectory)ArgumentNullException.cpp" />
    <ClCompile Include="$(MSBuildThisFileDirectory)StringView.cpp" />
    <ClCompile Include="$(MSBuildThisFileDirectory)Version.cpp" />
    <ClCompile Include="$(MSBuildThisFileDirectory)Convert.cpp" />
    <ClCompile Include="$(MSBuildThisFileDirectory)OperatingSystem.cpp" />
    <ClCompile Include="$(MSBuildThisFileDirectory)Environment.cpp" />
  </ItemGroup>
</Project>