<?xml version="1.0" encoding="utf-8"?>
<Project ToolsVersion="4.0" xmlns="http://schemas.microsoft.com/developer/msbuild/2003">
  <ItemGroup>
    <Filter Include="Collections">
      <UniqueIdentifier>{bfbea7f9-b7d1-410c-b7a4-1c3816bba533}</UniqueIdentifier>
    </Filter>
    <Filter Include="Diagnostics">
      <UniqueIdentifier>{2814adba-fd8f-451c-a12c-1a6883b5742b}</UniqueIdentifier>
    </Filter>
    <Filter Include="Globalization">
      <UniqueIdentifier>{23c826fa-de84-4c8e-8b91-dc02b3c18f21}</UniqueIdentifier>
    </Filter>
    <Filter Include="Collections\Generic">
      <UniqueIdentifier>{2d41a0b3-0588-4f9f-9278-be2049f8ef5f}</UniqueIdentifier>
    </Filter>
  </ItemGroup>
  <ItemGroup>
    <ClInclude Include="$(MSBuildThisFileDirectory)DateTimeKind.hpp" />
    <ClInclude Include="$(MSBuildThisFileDirectory)Guid.hpp" />
    <ClInclude Include="$(MSBuildThisFileDirectory)Byte.hpp" />
    <ClInclude Include="$(MSBuildThisFileDirectory)Exception.hpp" />
    <ClInclude Include="$(MSBuildThisFileDirectory)NotImplementedException.hpp" />
    <ClInclude Include="$(MSBuildThisFileDirectory)Export.hpp" />
    <ClInclude Include="$(MSBuildThisFileDirectory)IEnumerable.hpp">
      <Filter>Collections</Filter>
    </ClInclude>
    <ClInclude Include="$(MSBuildThisFileDirectory)ICollection.hpp">
      <Filter>Collections</Filter>
    </ClInclude>
    <ClInclude Include="$(MSBuildThisFileDirectory)IList.hpp">
      <Filter>Collections</Filter>
    </ClInclude>
    <ClInclude Include="$(MSBuildThisFileDirectory)List.hpp">
      <Filter>Collections\Generic</Filter>
    </ClInclude>
    <ClInclude Include="$(MSBuildThisFileDirectory)IndexOutOfRangeException.hpp" />
    <ClInclude Include="$(MSBuildThisFileDirectory)OutOfMemoryException.hpp" />
    <ClInclude Include="$(MSBuildThisFileDirectory)Decimal.hpp" />
    <ClInclude Include="D:\GitHub\Repos\Elysium-Core\Libraries\01-Shared\Elysium.Core\Calendar.hpp">
      <Filter>Globalization</Filter>
    </ClInclude>
    <ClInclude Include="D:\GitHub\Repos\Elysium-Core\Libraries\01-Shared\Elysium.Core\CultureInfo.hpp">
      <Filter>Globalization</Filter>
    </ClInclude>
    <ClInclude Include="$(MSBuildThisFileDirectory)TimeSpan.hpp" />
    <ClInclude Include="$(MSBuildThisFileDirectory)DateTimeUtility.hpp" />
    <ClInclude Include="$(MSBuildThisFileDirectory)DatePart.hpp" />
    <ClInclude Include="$(MSBuildThisFileDirectory)DateTime.hpp" />
    <ClInclude Include="$(MSBuildThisFileDirectory)DateTimeOffset.hpp" />
    <ClInclude Include="$(MSBuildThisFileDirectory)InvalidCastException.hpp" />
    <ClInclude Include="$(MSBuildThisFileDirectory)InvalidOperationException.hpp" />
    <ClInclude Include="$(MSBuildThisFileDirectory)NotSupportedException.hpp" />
  </ItemGroup>
  <ItemGroup>
    <ClCompile Include="$(MSBuildThisFileDirectory)Guid.cpp" />
    <ClCompile Include="$(MSBuildThisFileDirectory)Exception.cpp" />
    <ClCompile Include="$(MSBuildThisFileDirectory)NotImplementedException.cpp" />
    <ClCompile Include="$(MSBuildThisFileDirectory)IndexOutOfRangeException.cpp" />
    <ClCompile Include="$(MSBuildThisFileDirectory)OutOfMemoryException.cpp" />
    <ClCompile Include="$(MSBuildThisFileDirectory)Decimal.cpp" />
    <ClCompile Include="$(MSBuildThisFileDirectory)Calendar.cpp">
      <Filter>Globalization</Filter>
    </ClCompile>
    <ClCompile Include="$(MSBuildThisFileDirectory)CultureInfo.cpp">
      <Filter>Globalization</Filter>
    </ClCompile>
    <ClCompile Include="$(MSBuildThisFileDirectory)TimeSpan.cpp" />
    <ClCompile Include="$(MSBuildThisFileDirectory)DateTimeUtility.cpp" />
    <ClCompile Include="$(MSBuildThisFileDirectory)DateTime.cpp" />
    <ClCompile Include="$(MSBuildThisFileDirectory)DateTimeOffset.cpp" />
    <ClCompile Include="$(MSBuildThisFileDirectory)InvalidCastException.cpp" />
    <ClCompile Include="$(MSBuildThisFileDirectory)InvalidOperationException.cpp" />
    <ClCompile Include="$(MSBuildThisFileDirectory)NotSupportedException.cpp" />
  </ItemGroup>
</Project>