<?xml version="1.0" encoding="utf-8"?>
<Project ToolsVersion="4.0" xmlns="http://schemas.microsoft.com/developer/msbuild/2003">
  <ItemGroup>
    <Text Include="$(MSBuildThisFileDirectory)01 - Info.txt" />
  </ItemGroup>
  <ItemGroup>
    <Filter Include="Protocol">
      <UniqueIdentifier>{fabc98c8-b453-4396-806b-f6c173b7f838}</UniqueIdentifier>
    </Filter>
  </ItemGroup>
  <ItemGroup>
    <ClInclude Include="$(MSBuildThisFileDirectory)TdsVersion.hpp" />
  </ItemGroup>
</Project>