<?xml version="1.0" encoding="utf-8"?>
<Project ToolsVersion="4.0" xmlns="http://schemas.microsoft.com/developer/msbuild/2003">
  <ItemGroup>
    <Text Include="$(MSBuildThisFileDirectory)01 - Info.txt" />
  </ItemGroup>
  <ItemGroup>
    <ClInclude Include="$(MSBuildThisFileDirectory)TdsVersion.hpp" />
    <ClInclude Include="$(MSBuildThisFileDirectory)TdsConnectionStringBuilder.hpp" />
    <ClInclude Include="$(MSBuildThisFileDirectory)TdsMessageType.hpp" />
    <ClInclude Include="$(MSBuildThisFileDirectory)TdsMessageStatus.hpp" />
  </ItemGroup>
  <ItemGroup>
    <ClCompile Include="$(MSBuildThisFileDirectory)TdsConnectionStringBuilder.cpp" />
  </ItemGroup>
</Project>