<?xml version="1.0" encoding="utf-8"?>
<Project ToolsVersion="4.0" xmlns="http://schemas.microsoft.com/developer/msbuild/2003">
  <ItemGroup>
    <ClCompile Include="$(MSBuildThisFileDirectory)Assembly.cpp" />
    <ClCompile Include="$(MSBuildThisFileDirectory)AssemblyName.cpp" />
    <ClCompile Include="$(MSBuildThisFileDirectory)ConstructorInfo.cpp" />
    <ClCompile Include="$(MSBuildThisFileDirectory)FieldInfo.cpp" />
    <ClCompile Include="$(MSBuildThisFileDirectory)MemberInfo.cpp" />
    <ClCompile Include="$(MSBuildThisFileDirectory)MethodBase.cpp" />
    <ClCompile Include="$(MSBuildThisFileDirectory)MethodInfo.cpp" />
    <ClCompile Include="$(MSBuildThisFileDirectory)Type.cpp" />
    <ClCompile Include="$(MSBuildThisFileDirectory)AssemblyBuilder.cpp">
      <Filter>Emit</Filter>
    </ClCompile>
    <ClCompile Include="$(MSBuildThisFileDirectory)TypeBuilder.cpp">
      <Filter>Emit</Filter>
    </ClCompile>
    <ClCompile Include="$(MSBuildThisFileDirectory)FieldBuilder.cpp">
      <Filter>Emit</Filter>
    </ClCompile>
  </ItemGroup>
  <ItemGroup>
    <ClInclude Include="$(MSBuildThisFileDirectory)Assembly.hpp" />
    <ClInclude Include="$(MSBuildThisFileDirectory)AssemblyName.hpp" />
    <ClInclude Include="$(MSBuildThisFileDirectory)ConstructorInfo.hpp" />
    <ClInclude Include="$(MSBuildThisFileDirectory)FieldInfo.hpp" />
    <ClInclude Include="$(MSBuildThisFileDirectory)MemberInfo.hpp" />
    <ClInclude Include="$(MSBuildThisFileDirectory)MethodBase.hpp" />
    <ClInclude Include="$(MSBuildThisFileDirectory)MethodInfo.hpp" />
    <ClInclude Include="$(MSBuildThisFileDirectory)Type.hpp" />
    <ClInclude Include="$(MSBuildThisFileDirectory)TypeOf.hpp" />
    <ClInclude Include="$(MSBuildThisFileDirectory)TypeAttributes.hpp" />
    <ClInclude Include="$(MSBuildThisFileDirectory)FieldAttributes.hpp" />
    <ClInclude Include="$(MSBuildThisFileDirectory)TypeBuilder.hpp">
      <Filter>Emit</Filter>
    </ClInclude>
    <ClInclude Include="$(MSBuildThisFileDirectory)FieldBuilder.hpp">
      <Filter>Emit</Filter>
    </ClInclude>
    <ClInclude Include="$(MSBuildThisFileDirectory)AssemblyBuilder.hpp">
      <Filter>Emit</Filter>
    </ClInclude>
  </ItemGroup>
  <ItemGroup>
    <Filter Include="Emit">
      <UniqueIdentifier>{af2d7dbe-bd9a-4059-ab05-3d4596b19193}</UniqueIdentifier>
    </Filter>
  </ItemGroup>
</Project>