<?xml version="1.0" encoding="utf-8"?>
<Project ToolsVersion="4.0" xmlns="http://schemas.microsoft.com/developer/msbuild/2003">
  <ItemGroup>
    <ClCompile Include="$(MSBuildThisFileDirectory)Assembly.cpp" />
    <ClCompile Include="$(MSBuildThisFileDirectory)AssemblyName.cpp" />
  </ItemGroup>
  <ItemGroup>
    <ClInclude Include="$(MSBuildThisFileDirectory)Assembly.hpp" />
    <ClInclude Include="$(MSBuildThisFileDirectory)AssemblyName.hpp" />
    <ClInclude Include="$(MSBuildThisFileDirectory)TypeAttributes.hpp" />
    <ClInclude Include="$(MSBuildThisFileDirectory)FieldAttributes.hpp" />
    <ClInclude Include="$(MSBuildThisFileDirectory)ProcessorArchitecture.hpp" />
    <ClInclude Include="$(MSBuildThisFileDirectory)ReflectElysiumCore.hpp" />
  </ItemGroup>
  <ItemGroup>
    <Filter Include="Emit">
      <UniqueIdentifier>{af2d7dbe-bd9a-4059-ab05-3d4596b19193}</UniqueIdentifier>
    </Filter>
  </ItemGroup>
</Project>