<?xml version="1.0" encoding="utf-8"?>
<Project ToolsVersion="4.0" xmlns="http://schemas.microsoft.com/developer/msbuild/2003">
  <ItemGroup>
    <ClCompile Include="$(MSBuildThisFileDirectory)Calendar.cpp" />
    <ClCompile Include="$(MSBuildThisFileDirectory)CultureInfo.cpp" />
    <ClCompile Include="$(MSBuildThisFileDirectory)NumberFormatInfo.cpp" />
    <ClCompile Include="$(MSBuildThisFileDirectory)RegionInfo.cpp" />
    <ClCompile Include="$(MSBuildThisFileDirectory)LocaleFinder.cpp">
      <Filter>Internal</Filter>
    </ClCompile>
  </ItemGroup>
  <ItemGroup>
    <ClInclude Include="$(MSBuildThisFileDirectory)Calendar.hpp" />
    <ClInclude Include="$(MSBuildThisFileDirectory)CalendarAlgorithmType.hpp" />
    <ClInclude Include="$(MSBuildThisFileDirectory)CalendarWeekRule.hpp" />
    <ClInclude Include="$(MSBuildThisFileDirectory)CultureInfo.hpp" />
    <ClInclude Include="$(MSBuildThisFileDirectory)CultureTypes.hpp" />
    <ClInclude Include="$(MSBuildThisFileDirectory)DigitShapes.hpp" />
    <ClInclude Include="$(MSBuildThisFileDirectory)NumberFormatInfo.hpp" />
    <ClInclude Include="$(MSBuildThisFileDirectory)RegionInfo.hpp" />
    <ClInclude Include="$(MSBuildThisFileDirectory)UnicodeBlock.hpp" />
    <ClInclude Include="$(MSBuildThisFileDirectory)UnicodeCategory.hpp" />
    <ClInclude Include="$(MSBuildThisFileDirectory)LocaleFinder.hpp">
      <Filter>Internal</Filter>
    </ClInclude>
  </ItemGroup>
  <ItemGroup>
    <Filter Include="Internal">
      <UniqueIdentifier>{3778e41b-c3c7-4d7f-9aa2-7cd598d4aa57}</UniqueIdentifier>
    </Filter>
  </ItemGroup>
</Project>