<?xml version="1.0" encoding="utf-8"?>
<Project ToolsVersion="4.0" xmlns="http://schemas.microsoft.com/developer/msbuild/2003">
  <ItemGroup>
    <ClCompile Include="$(MSBuildThisFileDirectory)Stopwatch.cpp" />
    <ClCompile Include="$(MSBuildThisFileDirectory)WinSymbols.cpp">
      <Filter>Internal</Filter>
    </ClCompile>
    <ClCompile Include="$(MSBuildThisFileDirectory)Process.cpp" />
  </ItemGroup>
  <ItemGroup>
    <ClInclude Include="$(MSBuildThisFileDirectory)Process.hpp" />
    <ClInclude Include="$(MSBuildThisFileDirectory)ProcessStartInfo.hpp" />
    <ClInclude Include="$(MSBuildThisFileDirectory)ProcessWindowStyle.hpp" />
    <ClInclude Include="$(MSBuildThisFileDirectory)System.hpp" />
    <ClInclude Include="$(MSBuildThisFileDirectory)Stopwatch.hpp" />
    <ClInclude Include="$(MSBuildThisFileDirectory)StackTrace.hpp" />
    <ClInclude Include="$(MSBuildThisFileDirectory)StackFrame.hpp" />
    <ClInclude Include="$(MSBuildThisFileDirectory)WinSymbols.hpp">
      <Filter>Internal</Filter>
    </ClInclude>
    <ClInclude Include="$(MSBuildThisFileDirectory)ProcessModule.hpp" />
  </ItemGroup>
  <ItemGroup>
    <Filter Include="Internal">
      <UniqueIdentifier>{b794901e-8861-4d04-aaa4-ef54cb9f46ea}</UniqueIdentifier>
    </Filter>
  </ItemGroup>
</Project>