<?xml version="1.0" encoding="utf-8"?>
<Project ToolsVersion="4.0" xmlns="http://schemas.microsoft.com/developer/msbuild/2003">
  <ItemGroup>
    <Filter Include="Sockets">
      <UniqueIdentifier>{a4ca8986-88e1-4128-adb0-ca5037aeee05}</UniqueIdentifier>
    </Filter>
    <Filter Include="Security">
      <UniqueIdentifier>{3f89c7c0-7606-4be4-9504-3f6d2b5f30e2}</UniqueIdentifier>
    </Filter>
  </ItemGroup>
  <ItemGroup>
    <ClCompile Include="$(MSBuildThisFileDirectory)SocketAddress.cpp" />
    <ClCompile Include="$(MSBuildThisFileDirectory)FormatConverter.cpp" />
    <ClCompile Include="$(MSBuildThisFileDirectory)EndPoint.cpp" />
    <ClCompile Include="$(MSBuildThisFileDirectory)Socket.cpp">
      <Filter>Sockets</Filter>
    </ClCompile>
    <ClCompile Include="$(MSBuildThisFileDirectory)SocketException.cpp">
      <Filter>Sockets</Filter>
    </ClCompile>
    <ClCompile Include="$(MSBuildThisFileDirectory)NetworkStream.cpp">
      <Filter>Sockets</Filter>
    </ClCompile>
    <ClCompile Include="$(MSBuildThisFileDirectory)IPEndPoint.cpp" />
    <ClCompile Include="$(MSBuildThisFileDirectory)IPAddress.cpp" />
    <ClCompile Include="$(MSBuildThisFileDirectory)DnsEndPoint.cpp" />
    <ClCompile Include="$(MSBuildThisFileDirectory)AuthenticatedStream.cpp">
      <Filter>Security</Filter>
    </ClCompile>
    <ClCompile Include="$(MSBuildThisFileDirectory)TlsStream.cpp">
      <Filter>Security</Filter>
    </ClCompile>
    <ClCompile Include="$(MSBuildThisFileDirectory)TlsClientAuthenticationOptions.cpp">
      <Filter>Security</Filter>
    </ClCompile>
  </ItemGroup>
  <ItemGroup>
    <ClInclude Include="$(MSBuildThisFileDirectory)SocketAddress.hpp" />
    <ClInclude Include="$(MSBuildThisFileDirectory)AddressFamily.hpp">
      <Filter>Sockets</Filter>
    </ClInclude>
    <ClInclude Include="$(MSBuildThisFileDirectory)ProtocolType.hpp">
      <Filter>Sockets</Filter>
    </ClInclude>
    <ClInclude Include="$(MSBuildThisFileDirectory)SocketError.hpp">
      <Filter>Sockets</Filter>
    </ClInclude>
    <ClInclude Include="$(MSBuildThisFileDirectory)SocketType.hpp">
      <Filter>Sockets</Filter>
    </ClInclude>
    <ClInclude Include="$(MSBuildThisFileDirectory)FormatConverter.hpp" />
    <ClInclude Include="$(MSBuildThisFileDirectory)EndPoint.hpp" />
    <ClInclude Include="$(MSBuildThisFileDirectory)Socket.hpp">
      <Filter>Sockets</Filter>
    </ClInclude>
    <ClInclude Include="$(MSBuildThisFileDirectory)SocketException.hpp">
      <Filter>Sockets</Filter>
    </ClInclude>
    <ClInclude Include="$(MSBuildThisFileDirectory)IPEndPoint.hpp" />
    <ClInclude Include="$(MSBuildThisFileDirectory)IPAddress.hpp" />
    <ClInclude Include="$(MSBuildThisFileDirectory)DnsEndPoint.hpp" />
    <ClInclude Include="$(MSBuildThisFileDirectory)API.hpp" />
    <ClInclude Include="$(MSBuildThisFileDirectory)NetworkStream.hpp">
      <Filter>Sockets</Filter>
    </ClInclude>
    <ClInclude Include="$(MSBuildThisFileDirectory)SocketShutdown.hpp">
      <Filter>Sockets</Filter>
    </ClInclude>
    <ClInclude Include="$(MSBuildThisFileDirectory)AuthenticatedStream.hpp">
      <Filter>Security</Filter>
    </ClInclude>
    <ClInclude Include="$(MSBuildThisFileDirectory)AuthenticationLevel.hpp">
      <Filter>Sockets</Filter>
    </ClInclude>
    <ClInclude Include="$(MSBuildThisFileDirectory)TlsCipherSuite.hpp">
      <Filter>Security</Filter>
    </ClInclude>
    <ClInclude Include="$(MSBuildThisFileDirectory)TlsExtensionType.hpp">
      <Filter>Security</Filter>
    </ClInclude>
    <ClInclude Include="$(MSBuildThisFileDirectory)TlsStream.hpp">
      <Filter>Security</Filter>
    </ClInclude>
    <ClInclude Include="$(MSBuildThisFileDirectory)TlsClientAuthenticationOptions.hpp">
      <Filter>Security</Filter>
    </ClInclude>
    <ClInclude Include="$(MSBuildThisFileDirectory)TlsPolicyErrors.hpp">
      <Filter>Security</Filter>
    </ClInclude>
    <ClInclude Include="$(MSBuildThisFileDirectory)TlsAlertLevel.hpp">
      <Filter>Security</Filter>
    </ClInclude>
    <ClInclude Include="$(MSBuildThisFileDirectory)TlsAlertDescription.hpp">
      <Filter>Security</Filter>
    </ClInclude>
    <ClInclude Include="$(MSBuildThisFileDirectory)TlsContentType.hpp">
      <Filter>Security</Filter>
    </ClInclude>
  </ItemGroup>
</Project>