<?xml version="1.0" encoding="utf-8"?>
<Project ToolsVersion="4.0" xmlns="http://schemas.microsoft.com/developer/msbuild/2003">
  <ItemGroup>
    <ClCompile Include="$(MSBuildThisFileDirectory)ConvertTest.cpp" />
    <ClCompile Include="$(MSBuildThisFileDirectory)CultureInfoTest.cpp" />
    <ClCompile Include="$(MSBuildThisFileDirectory)EncodingTest.cpp" />
    <ClCompile Include="$(MSBuildThisFileDirectory)PlatformSpecificTest.cpp" />
    <ClCompile Include="$(MSBuildThisFileDirectory)StopwatchTest.cpp" />
    <ClCompile Include="$(MSBuildThisFileDirectory)ObjectTest.cpp" />
    <ClCompile Include="$(MSBuildThisFileDirectory)PlatformIndependentTest.cpp" />
    <ClCompile Include="$(MSBuildThisFileDirectory)ChangingJsonVisitor.cpp" />
    <ClCompile Include="$(MSBuildThisFileDirectory)JsonTest.cpp" />
    <ClCompile Include="$(MSBuildThisFileDirectory)ProcessTest.cpp" />
    <ClCompile Include="$(MSBuildThisFileDirectory)RegionInfoTest.cpp" />
    <ClCompile Include="$(MSBuildThisFileDirectory)StackTraceTest.cpp" />
    <ClCompile Include="$(MSBuildThisFileDirectory)AtomicTests.cpp" />
    <ClCompile Include="$(MSBuildThisFileDirectory)VersionTests.cpp" />
  </ItemGroup>
  <ItemGroup>
    <ClInclude Include="$(MSBuildThisFileDirectory)ChangingJsonVisitor.hpp" />
  </ItemGroup>
</Project>