<?xml version="1.0" encoding="utf-8"?>
<Project ToolsVersion="4.0" xmlns="http://schemas.microsoft.com/developer/msbuild/2003">
  <ItemGroup>
    <Filter Include="TestFiles">
      <UniqueIdentifier>{51337da4-ad89-444b-89dd-6e57199b08bd}</UniqueIdentifier>
    </Filter>
  </ItemGroup>
  <ItemGroup>
    <Text Include="$(MSBuildThisFileDirectory)TestFiles\Lorem Ipsum.txt">
      <Filter>TestFiles</Filter>
    </Text>
  </ItemGroup>
  <ItemGroup>
    <ClCompile Include="$(MSBuildThisFileDirectory)StreamReaderTests.cpp" />
    <ClCompile Include="$(MSBuildThisFileDirectory)BinaryReaderTests.cpp" />
  </ItemGroup>
</Project>