<?xml version="1.0" encoding="utf-8"?>
<Project ToolsVersion="4.0" xmlns="http://schemas.microsoft.com/developer/msbuild/2003">
  <ItemGroup>
    <ClInclude Include="$(MSBuildThisFileDirectory)AddConstant.hpp">
      <Filter>TypeTraits</Filter>
    </ClInclude>
    <ClInclude Include="$(MSBuildThisFileDirectory)AddConstantVolatile.hpp">
      <Filter>TypeTraits</Filter>
    </ClInclude>
    <ClInclude Include="$(MSBuildThisFileDirectory)AddVolatile.hpp">
      <Filter>TypeTraits</Filter>
    </ClInclude>
    <ClInclude Include="$(MSBuildThisFileDirectory)Conditional.hpp">
      <Filter>TypeTraits</Filter>
    </ClInclude>
    <ClInclude Include="$(MSBuildThisFileDirectory)Disjunction.hpp">
      <Filter>TypeTraits</Filter>
    </ClInclude>
    <ClInclude Include="$(MSBuildThisFileDirectory)IntegralConstant.hpp">
      <Filter>TypeTraits</Filter>
    </ClInclude>
    <ClInclude Include="$(MSBuildThisFileDirectory)IsAnyOf.hpp">
      <Filter>TypeTraits</Filter>
    </ClInclude>
    <ClInclude Include="$(MSBuildThisFileDirectory)IsArithemtic.hpp">
      <Filter>TypeTraits</Filter>
    </ClInclude>
    <ClInclude Include="$(MSBuildThisFileDirectory)IsArray.hpp">
      <Filter>TypeTraits</Filter>
    </ClInclude>
    <ClInclude Include="$(MSBuildThisFileDirectory)IsClass.hpp">
      <Filter>TypeTraits</Filter>
    </ClInclude>
    <ClInclude Include="$(MSBuildThisFileDirectory)IsConstant.hpp">
      <Filter>TypeTraits</Filter>
    </ClInclude>
    <ClInclude Include="$(MSBuildThisFileDirectory)IsEnumeration.hpp">
      <Filter>TypeTraits</Filter>
    </ClInclude>
    <ClInclude Include="$(MSBuildThisFileDirectory)IsFloatingPoint.hpp">
      <Filter>TypeTraits</Filter>
    </ClInclude>
    <ClInclude Include="$(MSBuildThisFileDirectory)IsFunction.hpp">
      <Filter>TypeTraits</Filter>
    </ClInclude>
    <ClInclude Include="$(MSBuildThisFileDirectory)IsFundamental.hpp">
      <Filter>TypeTraits</Filter>
    </ClInclude>
    <ClInclude Include="$(MSBuildThisFileDirectory)IsIntegral.hpp">
      <Filter>TypeTraits</Filter>
    </ClInclude>
    <ClInclude Include="$(MSBuildThisFileDirectory)IsNullPointer.hpp">
      <Filter>TypeTraits</Filter>
    </ClInclude>
    <ClInclude Include="$(MSBuildThisFileDirectory)IsPointer.hpp">
      <Filter>TypeTraits</Filter>
    </ClInclude>
    <ClInclude Include="$(MSBuildThisFileDirectory)IsReference.hpp">
      <Filter>TypeTraits</Filter>
    </ClInclude>
    <ClInclude Include="$(MSBuildThisFileDirectory)IsSame.hpp">
      <Filter>TypeTraits</Filter>
    </ClInclude>
    <ClInclude Include="$(MSBuildThisFileDirectory)IsUnion.hpp">
      <Filter>TypeTraits</Filter>
    </ClInclude>
    <ClInclude Include="$(MSBuildThisFileDirectory)IsVoid.hpp">
      <Filter>TypeTraits</Filter>
    </ClInclude>
    <ClInclude Include="$(MSBuildThisFileDirectory)IsVolatile.hpp">
      <Filter>TypeTraits</Filter>
    </ClInclude>
    <ClInclude Include="$(MSBuildThisFileDirectory)Move.hpp">
      <Filter>TypeTraits</Filter>
    </ClInclude>
    <ClInclude Include="$(MSBuildThisFileDirectory)RemoveConst.hpp">
      <Filter>TypeTraits</Filter>
    </ClInclude>
    <ClInclude Include="$(MSBuildThisFileDirectory)RemoveConstVolatile.hpp">
      <Filter>TypeTraits</Filter>
    </ClInclude>
    <ClInclude Include="$(MSBuildThisFileDirectory)RemoveReference.hpp">
      <Filter>TypeTraits</Filter>
    </ClInclude>
    <ClInclude Include="$(MSBuildThisFileDirectory)RemoveVolatile.hpp">
      <Filter>TypeTraits</Filter>
    </ClInclude>
    <ClInclude Include="$(MSBuildThisFileDirectory)TypeTraits.hpp" />
    <ClInclude Include="$(MSBuildThisFileDirectory)Concepts.hpp" />
    <ClInclude Include="$(MSBuildThisFileDirectory)Constant.hpp">
      <Filter>Concepts</Filter>
    </ClInclude>
    <ClInclude Include="$(MSBuildThisFileDirectory)NonConstant.hpp">
      <Filter>Concepts</Filter>
    </ClInclude>
    <ClInclude Include="$(MSBuildThisFileDirectory)IsSigned.hpp">
      <Filter>TypeTraits</Filter>
    </ClInclude>
    <ClInclude Include="$(MSBuildThisFileDirectory)EnableIf.hpp">
      <Filter>Common</Filter>
    </ClInclude>
    <ClInclude Include="$(MSBuildThisFileDirectory)Common.hpp" />
    <ClInclude Include="$(MSBuildThisFileDirectory)BubbleSort.hpp">
      <Filter>Algorithms\Sorting</Filter>
    </ClInclude>
    <ClInclude Include="$(MSBuildThisFileDirectory)Algorithms.hpp" />
    <ClInclude Include="$(MSBuildThisFileDirectory)Swap.hpp">
      <Filter>Utility</Filter>
    </ClInclude>
    <ClInclude Include="$(MSBuildThisFileDirectory)Utility.hpp" />
    <ClInclude Include="$(MSBuildThisFileDirectory)IsMoveConstructible.hpp">
      <Filter>TypeTraits</Filter>
    </ClInclude>
    <ClInclude Include="$(MSBuildThisFileDirectory)IsMoveAssignable.hpp">
      <Filter>TypeTraits</Filter>
    </ClInclude>
    <ClInclude Include="$(MSBuildThisFileDirectory)AddLeftValueReference.hpp">
      <Filter>TypeTraits</Filter>
    </ClInclude>
    <ClInclude Include="$(MSBuildThisFileDirectory)AddReference.hpp">
      <Filter>TypeTraits</Filter>
    </ClInclude>
    <ClInclude Include="$(MSBuildThisFileDirectory)VoidType.hpp">
      <Filter>TypeTraits</Filter>
    </ClInclude>
    <ClInclude Include="$(MSBuildThisFileDirectory)AddRightValueReference.hpp">
      <Filter>TypeTraits</Filter>
    </ClInclude>
    <ClInclude Include="$(MSBuildThisFileDirectory)Pointer.hpp">
      <Filter>Concepts</Filter>
    </ClInclude>
  </ItemGroup>
  <ItemGroup>
    <Filter Include="TypeTraits">
      <UniqueIdentifier>{d85db007-ccc5-4e95-9995-2cab7fafc54b}</UniqueIdentifier>
    </Filter>
    <Filter Include="Concepts">
      <UniqueIdentifier>{e97c061a-570e-4bc2-ac17-3349309a0182}</UniqueIdentifier>
    </Filter>
    <Filter Include="Common">
      <UniqueIdentifier>{097b8687-8fcc-4ac5-a92b-a72f635d7ca7}</UniqueIdentifier>
    </Filter>
    <Filter Include="Utility">
      <UniqueIdentifier>{9b2e4b55-f45b-40a5-a953-10a99a81fdab}</UniqueIdentifier>
    </Filter>
    <Filter Include="Algorithms">
      <UniqueIdentifier>{d6cc6f4d-5d99-4f67-ae7b-da2e486bf3d2}</UniqueIdentifier>
    </Filter>
    <Filter Include="Algorithms\Sorting">
      <UniqueIdentifier>{eacc65ef-1634-41fe-9233-4c59511d8bfb}</UniqueIdentifier>
    </Filter>
  </ItemGroup>
</Project>