<?xml version="1.0" encoding="utf-8"?>
<Project ToolsVersion="4.0" xmlns="http://schemas.microsoft.com/developer/msbuild/2003">
  <ItemGroup>
    <ClInclude Include="$(MSBuildThisFileDirectory)IsConstant.hpp">
      <Filter>TypeTraits</Filter>
    </ClInclude>
    <ClInclude Include="$(MSBuildThisFileDirectory)Container.hpp" />
    <ClInclude Include="$(MSBuildThisFileDirectory)Tuple.hpp">
      <Filter>Container</Filter>
    </ClInclude>
    <ClInclude Include="$(MSBuildThisFileDirectory)InitializerList.hpp">
      <Filter>Container</Filter>
    </ClInclude>
    <ClInclude Include="$(MSBuildThisFileDirectory)DoubleBuffer.hpp">
      <Filter>Container</Filter>
    </ClInclude>
    <ClInclude Include="$(MSBuildThisFileDirectory)KeyValuePair.hpp">
      <Filter>Container</Filter>
    </ClInclude>
    <ClInclude Include="$(MSBuildThisFileDirectory)MAllocator.hpp">
      <Filter>Memory</Filter>
    </ClInclude>
    <ClInclude Include="$(MSBuildThisFileDirectory)Object.hpp">
      <Filter>Container</Filter>
    </ClInclude>
    <ClInclude Include="$(MSBuildThisFileDirectory)SameAs.hpp">
      <Filter>Concepts</Filter>
    </ClInclude>
    <ClInclude Include="$(MSBuildThisFileDirectory)Delegate.hpp">
      <Filter>Container</Filter>
    </ClInclude>
    <ClInclude Include="$(MSBuildThisFileDirectory)DefaultDeleter.hpp">
      <Filter>Memory</Filter>
    </ClInclude>
    <ClInclude Include="$(MSBuildThisFileDirectory)Variant.hpp">
      <Filter>Container</Filter>
    </ClInclude>
    <ClInclude Include="$(MSBuildThisFileDirectory)InvalidOperationException.hpp">
      <Filter>Exceptions</Filter>
    </ClInclude>
    <ClInclude Include="$(MSBuildThisFileDirectory)Concepts/Enumeration.hpp">
      <Filter>Concepts</Filter>
    </ClInclude>
    <ClInclude Include="$(MSBuildThisFileDirectory)RunTimeTypeInformation\Enumeration.hpp">
      <Filter>RunTimeTypeInformation</Filter>
    </ClInclude>
    <ClInclude Include="$(MSBuildThisFileDirectory)RunTimeTypeInformation\SourceLocation.hpp">
      <Filter>RunTimeTypeInformation</Filter>
    </ClInclude>
    <ClInclude Include="$(MSBuildThisFileDirectory)Concepts\ReflectableEnumeration.hpp">
      <Filter>Concepts</Filter>
    </ClInclude>
    <ClInclude Include="$(MSBuildThisFileDirectory)Utility\IntegerSequence.hpp">
      <Filter>Utility</Filter>
    </ClInclude>
    <ClInclude Include="$(MSBuildThisFileDirectory)Utility\IndexSequence.hpp">
      <Filter>Utility</Filter>
    </ClInclude>
    <ClInclude Include="$(MSBuildThisFileDirectory)Utility\__MakeIntegerSequence.hpp">
      <Filter>Utility</Filter>
    </ClInclude>
    <ClInclude Include="$(MSBuildThisFileDirectory)Utility\__Repeat.hpp">
      <Filter>Utility</Filter>
    </ClInclude>
    <ClInclude Include="$(MSBuildThisFileDirectory)Concepts/HuffmanCodeable.hpp">
      <Filter>Concepts</Filter>
    </ClInclude>
    <ClInclude Include="$(MSBuildThisFileDirectory)PriorityQueue.hpp">
      <Filter>Container\Adopter</Filter>
    </ClInclude>
    <ClInclude Include="$(MSBuildThisFileDirectory)Stack.hpp">
      <Filter>Container\Adopter</Filter>
    </ClInclude>
    <ClInclude Include="$(MSBuildThisFileDirectory)Queue.hpp">
      <Filter>Container\Adopter</Filter>
    </ClInclude>
    <ClInclude Include="$(MSBuildThisFileDirectory)Array.hpp">
      <Filter>Container\Sequence</Filter>
    </ClInclude>
    <ClInclude Include="$(MSBuildThisFileDirectory)Vector.hpp">
      <Filter>Container\Sequence</Filter>
    </ClInclude>
    <ClInclude Include="$(MSBuildThisFileDirectory)LinkedListNode.hpp">
      <Filter>Container\Sequence</Filter>
    </ClInclude>
    <ClInclude Include="$(MSBuildThisFileDirectory)LinkedList.hpp">
      <Filter>Container\Sequence</Filter>
    </ClInclude>
    <ClInclude Include="$(MSBuildThisFileDirectory)UnorderedMap.hpp">
      <Filter>Container\UnorderedAssociative</Filter>
    </ClInclude>
    <ClInclude Include="$(MSBuildThisFileDirectory)BidirectionallyLinkedList.hpp">
      <Filter>Container\Sequence</Filter>
    </ClInclude>
    <ClInclude Include="$(MSBuildThisFileDirectory)OrderedMap.hpp">
      <Filter>Container\OrderedAssociative</Filter>
    </ClInclude>
    <ClInclude Include="$(MSBuildThisFileDirectory)RedBlackTree.hpp">
      <Filter>Container\OrderedAssociative</Filter>
    </ClInclude>
    <ClInclude Include="$(MSBuildThisFileDirectory)RingBuffer.hpp">
      <Filter>Container\Sequence</Filter>
    </ClInclude>
    <ClInclude Include="$(MSBuildThisFileDirectory)SequenceContainer.hpp">
      <Filter>Concepts</Filter>
    </ClInclude>
    <ClInclude Include="$(MSBuildThisFileDirectory)Linq\DeferredIterator.hpp">
      <Filter>Linq</Filter>
    </ClInclude>
    <ClInclude Include="$(MSBuildThisFileDirectory)Linq\WhereDeferredIterator.hpp">
      <Filter>Linq</Filter>
    </ClInclude>
    <ClInclude Include="$(MSBuildThisFileDirectory)TypeTraits\HasOperatorBitwiseOr.hpp">
      <Filter>TypeTraits</Filter>
    </ClInclude>
    <ClInclude Include="$(MSBuildThisFileDirectory)Functional\DeclareValue.hpp">
      <Filter>Functional</Filter>
    </ClInclude>
    <ClInclude Include="$(MSBuildThisFileDirectory)TypeTraits\HasOperatorBitwiseAnd.hpp">
      <Filter>TypeTraits</Filter>
    </ClInclude>
    <ClInclude Include="$(MSBuildThisFileDirectory)Concepts\Allocatable.hpp">
      <Filter>Concepts</Filter>
    </ClInclude>
    <ClInclude Include="$(MSBuildThisFileDirectory)RunTimeTypeInformation\CompositeType.hpp">
      <Filter>RunTimeTypeInformation</Filter>
    </ClInclude>
    <ClInclude Include="$(MSBuildThisFileDirectory)Concepts\CompositeType.hpp">
      <Filter>Concepts</Filter>
    </ClInclude>
    <ClInclude Include="$(MSBuildThisFileDirectory)Container\Function.hpp">
      <Filter>Container</Filter>
    </ClInclude>
    <ClInclude Include="$(MSBuildThisFileDirectory)Functional\Forward.hpp">
      <Filter>Functional</Filter>
    </ClInclude>
    <ClInclude Include="$(MSBuildThisFileDirectory)Concepts\Lambda.hpp">
      <Filter>Concepts</Filter>
    </ClInclude>
    <ClInclude Include="$(MSBuildThisFileDirectory)TypeTraits\HasOperatorCall.hpp">
      <Filter>TypeTraits</Filter>
    </ClInclude>
    <ClInclude Include="$(MSBuildThisFileDirectory)TypeTraits\IsLambda.hpp">
      <Filter>TypeTraits</Filter>
    </ClInclude>
    <ClInclude Include="$(MSBuildThisFileDirectory)TypeTraits\IsAggregate.hpp">
      <Filter>TypeTraits</Filter>
    </ClInclude>
    <ClInclude Include="$(MSBuildThisFileDirectory)Threading\Thread.hpp">
      <Filter>Threading</Filter>
    </ClInclude>
    <ClInclude Include="$(MSBuildThisFileDirectory)Chrono\SteadyClock.hpp">
      <Filter>Chrono</Filter>
    </ClInclude>
    <ClInclude Include="$(MSBuildThisFileDirectory)Chrono\HighResolutionClock.hpp">
      <Filter>Chrono</Filter>
    </ClInclude>
    <ClInclude Include="$(MSBuildThisFileDirectory)Chrono\Duration.hpp">
      <Filter>Chrono</Filter>
    </ClInclude>
    <ClInclude Include="$(MSBuildThisFileDirectory)Chrono\SystemClock.hpp">
      <Filter>Chrono</Filter>
    </ClInclude>
    <ClInclude Include="$(MSBuildThisFileDirectory)Chrono\TimePoint.hpp">
      <Filter>Chrono</Filter>
    </ClInclude>
    <ClInclude Include="$(MSBuildThisFileDirectory)Globalization\Internal\Diathesis.hpp">
      <Filter>Globalization\Internal</Filter>
    </ClInclude>
    <ClInclude Include="$(MSBuildThisFileDirectory)Globalization\Internal\Language.hpp">
      <Filter>Globalization\Internal</Filter>
    </ClInclude>
    <ClInclude Include="$(MSBuildThisFileDirectory)Globalization\Internal\GrammaticalGender.hpp">
      <Filter>Globalization\Internal</Filter>
    </ClInclude>
    <ClInclude Include="$(MSBuildThisFileDirectory)Globalization\Internal\Script.hpp">
      <Filter>Globalization\Internal</Filter>
    </ClInclude>
    <ClInclude Include="$(MSBuildThisFileDirectory)Globalization\Internal\Case.hpp">
      <Filter>Globalization\Internal</Filter>
    </ClInclude>
    <ClInclude Include="$(MSBuildThisFileDirectory)Globalization\Internal\Tense.hpp">
      <Filter>Globalization\Internal</Filter>
    </ClInclude>
    <ClInclude Include="$(MSBuildThisFileDirectory)Globalization\Internal\PluralizationRule.hpp">
      <Filter>Globalization\Internal</Filter>
    </ClInclude>
    <ClInclude Include="$(MSBuildThisFileDirectory)Globalization\Internal\LanguageType.hpp">
      <Filter>Globalization\Internal</Filter>
    </ClInclude>
    <ClInclude Include="$(MSBuildThisFileDirectory)Globalization\Internal\LanguageScope.hpp">
      <Filter>Globalization\Internal</Filter>
    </ClInclude>
    <ClInclude Include="$(MSBuildThisFileDirectory)Globalization\Internal\ScriptDirection.hpp">
      <Filter>Globalization\Internal</Filter>
    </ClInclude>
    <ClInclude Include="$(MSBuildThisFileDirectory)Math\SignOf.hpp">
      <Filter>Math</Filter>
    </ClInclude>
    <ClInclude Include="$(MSBuildThisFileDirectory)Math\GreatestCommonDivisor.hpp">
      <Filter>Math</Filter>
    </ClInclude>
    <ClInclude Include="$(MSBuildThisFileDirectory)Threading\GreenThread.hpp">
      <Filter>Threading</Filter>
    </ClInclude>
    <ClInclude Include="$(MSBuildThisFileDirectory)Threading\Fiber.hpp">
      <Filter>Threading</Filter>
    </ClInclude>
    <ClInclude Include="$(MSBuildThisFileDirectory)TypeTraits\IsTriviallyCopyable.hpp">
      <Filter>TypeTraits</Filter>
    </ClInclude>
    <ClInclude Include="$(MSBuildThisFileDirectory)Concepts\TriviallyCopyable.hpp">
      <Filter>Concepts</Filter>
    </ClInclude>
    <ClInclude Include="$(MSBuildThisFileDirectory)TypeTraits\IsTrivial.hpp">
      <Filter>TypeTraits</Filter>
    </ClInclude>
    <ClInclude Include="$(MSBuildThisFileDirectory)Concepts\Trivial.hpp">
      <Filter>Concepts</Filter>
    </ClInclude>
    <ClInclude Include="$(MSBuildThisFileDirectory)Memory\Scoped\Arena.hpp">
      <Filter>Memory\Scoped</Filter>
    </ClInclude>
    <ClInclude Include="$(MSBuildThisFileDirectory)Memory\Scoped\ArenaPage.hpp">
      <Filter>Memory\Scoped</Filter>
    </ClInclude>
    <ClInclude Include="$(MSBuildThisFileDirectory)Memory\Scoped\ArenaOptions.hpp">
      <Filter>Memory\Scoped</Filter>
    </ClInclude>
    <ClInclude Include="$(MSBuildThisFileDirectory)Concepts\FlagEnumeration.hpp">
      <Filter>Concepts</Filter>
    </ClInclude>
    <ClInclude Include="$(MSBuildThisFileDirectory)TypeTraits\IsFlagEnumeration.hpp">
      <Filter>TypeTraits</Filter>
    </ClInclude>
    <ClInclude Include="$(MSBuildThisFileDirectory)TypeTraits\IsDerivedFrom.hpp">
      <Filter>TypeTraits</Filter>
    </ClInclude>
    <ClInclude Include="$(MSBuildThisFileDirectory)Concepts\DerivedFrom.hpp">
      <Filter>Concepts</Filter>
    </ClInclude>
    <ClInclude Include="$(MSBuildThisFileDirectory)Memory\ObserverPointer.hpp">
      <Filter>Memory</Filter>
    </ClInclude>
    <ClInclude Include="$(MSBuildThisFileDirectory)Text\Unicode\Utf32.hpp">
      <Filter>Text\Unicode</Filter>
    </ClInclude>
    <ClInclude Include="$(MSBuildThisFileDirectory)Exceptions\IO\InternalBufferOverflowException.hpp">
      <Filter>Exceptions\IO</Filter>
    </ClInclude>
    <ClInclude Include="$(MSBuildThisFileDirectory)Text\Format.hpp">
      <Filter>Text</Filter>
    </ClInclude>
    <ClInclude Include="$(MSBuildThisFileDirectory)Threading\_AtomicEnum.hpp">
      <Filter>Threading</Filter>
    </ClInclude>
    <ClInclude Include="$(MSBuildThisFileDirectory)Threading\CallOnce.hpp">
      <Filter>Threading</Filter>
    </ClInclude>
    <ClInclude Include="$(MSBuildThisFileDirectory)Threading\ThreadPool.hpp">
      <Filter>Threading</Filter>
    </ClInclude>
    <ClInclude Include="$(MSBuildThisFileDirectory)Concepts\MemberFunctionPointer.hpp">
      <Filter>Concepts</Filter>
    </ClInclude>
    <ClInclude Include="$(MSBuildThisFileDirectory)TypeTraits\IsNoThrowInvocable.hpp">
      <Filter>TypeTraits</Filter>
    </ClInclude>
    <ClInclude Include="$(MSBuildThisFileDirectory)TypeTraits\IsCompletelyDefined.hpp">
      <Filter>TypeTraits</Filter>
    </ClInclude>
    <ClInclude Include="$(MSBuildThisFileDirectory)System\Compiler.hpp">
      <Filter>System</Filter>
    </ClInclude>
    <ClInclude Include="$(MSBuildThisFileDirectory)System\Literals.hpp">
      <Filter>System</Filter>
    </ClInclude>
    <ClInclude Include="$(MSBuildThisFileDirectory)System\OperatingSystem.hpp">
      <Filter>System</Filter>
    </ClInclude>
    <ClInclude Include="$(MSBuildThisFileDirectory)System\Primitives.hpp">
      <Filter>System</Filter>
    </ClInclude>
    <ClInclude Include="$(MSBuildThisFileDirectory)IO/Compression/HuffmanCoding/HuffmanNode.hpp">
      <Filter>IO\Compression\HuffmanCoding</Filter>
    </ClInclude>
    <ClInclude Include="$(MSBuildThisFileDirectory)IO/Compression/HuffmanCoding/HuffmanTree.hpp">
      <Filter>IO\Compression\HuffmanCoding</Filter>
    </ClInclude>
    <ClInclude Include="$(MSBuildThisFileDirectory)System\Architecture.hpp">
      <Filter>System</Filter>
    </ClInclude>
    <ClInclude Include="$(MSBuildThisFileDirectory)Math\Absolute.hpp">
      <Filter>Math</Filter>
    </ClInclude>
    <ClInclude Include="$(MSBuildThisFileDirectory)Math\Ceiling.hpp">
      <Filter>Math</Filter>
    </ClInclude>
    <ClInclude Include="$(MSBuildThisFileDirectory)Math\Decimal.hpp">
      <Filter>Math</Filter>
    </ClInclude>
    <ClInclude Include="$(MSBuildThisFileDirectory)Math\Factorial.hpp">
      <Filter>Math</Filter>
    </ClInclude>
    <ClInclude Include="$(MSBuildThisFileDirectory)Math\Floor.hpp">
      <Filter>Math</Filter>
    </ClInclude>
    <ClInclude Include="$(MSBuildThisFileDirectory)Math\Logarithm.hpp">
      <Filter>Math</Filter>
    </ClInclude>
    <ClInclude Include="$(MSBuildThisFileDirectory)Math\MidpointRounding.hpp">
      <Filter>Math</Filter>
    </ClInclude>
    <ClInclude Include="$(MSBuildThisFileDirectory)Math\Power.hpp">
      <Filter>Math</Filter>
    </ClInclude>
    <ClInclude Include="$(MSBuildThisFileDirectory)Math\Round.hpp">
      <Filter>Math</Filter>
    </ClInclude>
    <ClInclude Include="$(MSBuildThisFileDirectory)Math\Truncate.hpp">
      <Filter>Math</Filter>
    </ClInclude>
    <ClInclude Include="$(MSBuildThisFileDirectory)IO\FileSystem.hpp">
      <Filter>IO</Filter>
    </ClInclude>
    <ClInclude Include="$(MSBuildThisFileDirectory)Algorithms/Sorting/BlockSort.hpp">
      <Filter>Algorithms\Sorting</Filter>
    </ClInclude>
    <ClInclude Include="$(MSBuildThisFileDirectory)Algorithms/Sorting/BubbleSort.hpp">
      <Filter>Algorithms\Sorting</Filter>
    </ClInclude>
    <ClInclude Include="$(MSBuildThisFileDirectory)Algorithms/Sorting/QuickSort.hpp">
      <Filter>Algorithms\Sorting</Filter>
    </ClInclude>
    <ClInclude Include="$(MSBuildThisFileDirectory)Algorithms/Clear.hpp">
      <Filter>Algorithms</Filter>
    </ClInclude>
    <ClInclude Include="$(MSBuildThisFileDirectory)Algorithms/Copy.hpp">
      <Filter>Algorithms</Filter>
    </ClInclude>
    <ClInclude Include="$(MSBuildThisFileDirectory)Algorithms/Find.hpp">
      <Filter>Algorithms</Filter>
    </ClInclude>
    <ClInclude Include="$(MSBuildThisFileDirectory)Common/EnableIf.hpp">
      <Filter>Common</Filter>
    </ClInclude>
    <ClInclude Include="$(MSBuildThisFileDirectory)Diagnostics/Process.hpp">
      <Filter>Diagnostics</Filter>
    </ClInclude>
    <ClInclude Include="$(MSBuildThisFileDirectory)Diagnostics/ProcessAccess.hpp">
      <Filter>Diagnostics</Filter>
    </ClInclude>
    <ClInclude Include="$(MSBuildThisFileDirectory)Diagnostics/ProcessModule.hpp">
      <Filter>Diagnostics</Filter>
    </ClInclude>
    <ClInclude Include="$(MSBuildThisFileDirectory)Diagnostics/ProcessStartInfo.hpp">
      <Filter>Diagnostics</Filter>
    </ClInclude>
    <ClInclude Include="$(MSBuildThisFileDirectory)Diagnostics/ProcessThread.hpp">
      <Filter>Diagnostics</Filter>
    </ClInclude>
    <ClInclude Include="$(MSBuildThisFileDirectory)Diagnostics/ProcessWindowStyle.hpp">
      <Filter>Diagnostics</Filter>
    </ClInclude>
    <ClInclude Include="$(MSBuildThisFileDirectory)Diagnostics/StackFrame.hpp">
      <Filter>Diagnostics</Filter>
    </ClInclude>
    <ClInclude Include="$(MSBuildThisFileDirectory)Diagnostics/StackTrace.hpp">
      <Filter>Diagnostics</Filter>
    </ClInclude>
    <ClInclude Include="$(MSBuildThisFileDirectory)Elysium.Core.Template.Globalization.ixx" />
    <ClInclude Include="$(MSBuildThisFileDirectory)Globalization/DigitShapes.hpp">
      <Filter>Globalization</Filter>
    </ClInclude>
    <ClInclude Include="$(MSBuildThisFileDirectory)Globalization/CultureInfo.hpp">
      <Filter>Globalization</Filter>
    </ClInclude>
    <ClInclude Include="$(MSBuildThisFileDirectory)Globalization/CultureTypes.hpp">
      <Filter>Globalization</Filter>
    </ClInclude>
    <ClInclude Include="$(MSBuildThisFileDirectory)Globalization/NumberFormatInfo.hpp">
      <Filter>Globalization</Filter>
    </ClInclude>
    <ClInclude Include="$(MSBuildThisFileDirectory)Globalization/RegionInfo.hpp">
      <Filter>Globalization</Filter>
    </ClInclude>
    <ClInclude Include="$(MSBuildThisFileDirectory)Operators/Equal.hpp">
      <Filter>Operators</Filter>
    </ClInclude>
    <ClInclude Include="$(MSBuildThisFileDirectory)Operators/Greater.hpp">
      <Filter>Operators</Filter>
    </ClInclude>
    <ClInclude Include="$(MSBuildThisFileDirectory)Operators/GreaterOrEqual.hpp">
      <Filter>Operators</Filter>
    </ClInclude>
    <ClInclude Include="$(MSBuildThisFileDirectory)Operators/Less.hpp">
      <Filter>Operators</Filter>
    </ClInclude>
    <ClInclude Include="$(MSBuildThisFileDirectory)Operators/LessOrEqual.hpp">
      <Filter>Operators</Filter>
    </ClInclude>
    <ClInclude Include="$(MSBuildThisFileDirectory)Operators/NotEqual.hpp">
      <Filter>Operators</Filter>
    </ClInclude>
    <ClInclude Include="$(MSBuildThisFileDirectory)Iterator/BackwardIterator.hpp">
      <Filter>Iterator</Filter>
    </ClInclude>
    <ClInclude Include="$(MSBuildThisFileDirectory)Iterator/ConstBackwardIterator.hpp">
      <Filter>Iterator</Filter>
    </ClInclude>
    <ClInclude Include="$(MSBuildThisFileDirectory)Iterator/ConstForwardIterator.hpp">
      <Filter>Iterator</Filter>
    </ClInclude>
    <ClInclude Include="$(MSBuildThisFileDirectory)Iterator/ConstLinkedListForwardIterator.hpp">
      <Filter>Iterator</Filter>
    </ClInclude>
    <ClInclude Include="$(MSBuildThisFileDirectory)Iterator/ForwardIterator.hpp">
      <Filter>Iterator</Filter>
    </ClInclude>
    <ClInclude Include="$(MSBuildThisFileDirectory)Iterator/LinkedListForwardIterator.hpp">
      <Filter>Iterator</Filter>
    </ClInclude>
    <ClInclude Include="$(MSBuildThisFileDirectory)Iterator/UnorderedMapForwardIterator.hpp">
      <Filter>Iterator</Filter>
    </ClInclude>
    <ClInclude Include="$(MSBuildThisFileDirectory)Threading\WaitHandle.hpp">
      <Filter>Threading</Filter>
    </ClInclude>
    <ClInclude Include="$(MSBuildThisFileDirectory)Threading\ManualResetEvent.hpp">
      <Filter>Threading</Filter>
    </ClInclude>
    <ClInclude Include="$(MSBuildThisFileDirectory)Threading\Mutex.hpp">
      <Filter>Threading</Filter>
    </ClInclude>
    <ClInclude Include="$(MSBuildThisFileDirectory)Threading\Semaphore.hpp">
      <Filter>Threading</Filter>
    </ClInclude>
    <ClInclude Include="$(MSBuildThisFileDirectory)Threading\EventWaitHandle.hpp">
      <Filter>Threading</Filter>
    </ClInclude>
    <ClInclude Include="$(MSBuildThisFileDirectory)Threading\AutoResetEvent.hpp">
      <Filter>Threading</Filter>
    </ClInclude>
    <ClInclude Include="$(MSBuildThisFileDirectory)Threading\Atomic.hpp">
      <Filter>Threading</Filter>
    </ClInclude>
    <ClInclude Include="$(MSBuildThisFileDirectory)Threading\_AtomicPointer.hpp">
      <Filter>Threading</Filter>
    </ClInclude>
    <ClInclude Include="$(MSBuildThisFileDirectory)Threading\_AtomicIntegral.hpp">
      <Filter>Threading</Filter>
    </ClInclude>
    <ClInclude Include="$(MSBuildThisFileDirectory)Threading\_AtomicBase.hpp">
      <Filter>Threading</Filter>
    </ClInclude>
    <ClInclude Include="$(MSBuildThisFileDirectory)Threading\CriticalSection.hpp">
      <Filter>Threading</Filter>
    </ClInclude>
    <ClInclude Include="$(MSBuildThisFileDirectory)Memory\Activator.hpp">
      <Filter>Memory</Filter>
    </ClInclude>
    <ClInclude Include="$(MSBuildThisFileDirectory)Memory\DefaultAllocator.hpp">
      <Filter>Memory</Filter>
    </ClInclude>
    <ClInclude Include="$(MSBuildThisFileDirectory)Memory\MemCmp.hpp">
      <Filter>Memory</Filter>
    </ClInclude>
    <ClInclude Include="$(MSBuildThisFileDirectory)Memory\MemCpy.hpp">
      <Filter>Memory</Filter>
    </ClInclude>
    <ClInclude Include="$(MSBuildThisFileDirectory)Memory\MemoryOrder.hpp">
      <Filter>Memory</Filter>
    </ClInclude>
    <ClInclude Include="$(MSBuildThisFileDirectory)Memory\MemSet.hpp">
      <Filter>Memory</Filter>
    </ClInclude>
    <ClInclude Include="$(MSBuildThisFileDirectory)Memory\SharedPointer.hpp">
      <Filter>Memory</Filter>
    </ClInclude>
    <ClInclude Include="$(MSBuildThisFileDirectory)Memory\UniquePointer.hpp">
      <Filter>Memory</Filter>
    </ClInclude>
    <ClInclude Include="$(MSBuildThisFileDirectory)Memory\WeakPointer.hpp">
      <Filter>Memory</Filter>
    </ClInclude>
    <ClInclude Include="$(MSBuildThisFileDirectory)TypeTraits\Conditional.hpp">
      <Filter>TypeTraits</Filter>
    </ClInclude>
    <ClInclude Include="$(MSBuildThisFileDirectory)TypeTraits\Disjunction.hpp">
      <Filter>TypeTraits</Filter>
    </ClInclude>
    <ClInclude Include="$(MSBuildThisFileDirectory)TypeTraits\IntegralConstant.hpp">
      <Filter>TypeTraits</Filter>
    </ClInclude>
    <ClInclude Include="$(MSBuildThisFileDirectory)TypeTraits\InvokeResult.hpp">
      <Filter>TypeTraits</Filter>
    </ClInclude>
    <ClInclude Include="$(MSBuildThisFileDirectory)TypeTraits\IsAnyOf.hpp">
      <Filter>TypeTraits</Filter>
    </ClInclude>
    <ClInclude Include="$(MSBuildThisFileDirectory)TypeTraits\IsArithemtic.hpp">
      <Filter>TypeTraits</Filter>
    </ClInclude>
    <ClInclude Include="$(MSBuildThisFileDirectory)TypeTraits\IsArray.hpp">
      <Filter>TypeTraits</Filter>
    </ClInclude>
    <ClInclude Include="$(MSBuildThisFileDirectory)TypeTraits\IsBoolean.hpp">
      <Filter>TypeTraits</Filter>
    </ClInclude>
    <ClInclude Include="$(MSBuildThisFileDirectory)TypeTraits\IsCharacter.hpp">
      <Filter>TypeTraits</Filter>
    </ClInclude>
    <ClInclude Include="$(MSBuildThisFileDirectory)TypeTraits\IsClass.hpp">
      <Filter>TypeTraits</Filter>
    </ClInclude>
    <ClInclude Include="$(MSBuildThisFileDirectory)TypeTraits\IsConvertible.hpp">
      <Filter>TypeTraits</Filter>
    </ClInclude>
    <ClInclude Include="$(MSBuildThisFileDirectory)TypeTraits\IsCopyAssignable.hpp">
      <Filter>TypeTraits</Filter>
    </ClInclude>
    <ClInclude Include="$(MSBuildThisFileDirectory)TypeTraits\IsCopyConstructible.hpp">
      <Filter>TypeTraits</Filter>
    </ClInclude>
    <ClInclude Include="$(MSBuildThisFileDirectory)TypeTraits\IsEnumeration.hpp">
      <Filter>TypeTraits</Filter>
    </ClInclude>
    <ClInclude Include="$(MSBuildThisFileDirectory)TypeTraits\IsFloatingPoint.hpp">
      <Filter>TypeTraits</Filter>
    </ClInclude>
    <ClInclude Include="$(MSBuildThisFileDirectory)TypeTraits\IsFunction.hpp">
      <Filter>TypeTraits</Filter>
    </ClInclude>
    <ClInclude Include="$(MSBuildThisFileDirectory)TypeTraits\IsFundamental.hpp">
      <Filter>TypeTraits</Filter>
    </ClInclude>
    <ClInclude Include="$(MSBuildThisFileDirectory)TypeTraits\IsInteger.hpp">
      <Filter>TypeTraits</Filter>
    </ClInclude>
    <ClInclude Include="$(MSBuildThisFileDirectory)TypeTraits\IsIntegral.hpp">
      <Filter>TypeTraits</Filter>
    </ClInclude>
    <ClInclude Include="$(MSBuildThisFileDirectory)TypeTraits\IsMemberFunctionPointer.hpp">
      <Filter>TypeTraits</Filter>
    </ClInclude>
    <ClInclude Include="$(MSBuildThisFileDirectory)TypeTraits\IsMoveAssignable.hpp">
      <Filter>TypeTraits</Filter>
    </ClInclude>
    <ClInclude Include="$(MSBuildThisFileDirectory)TypeTraits\IsMoveConstructible.hpp">
      <Filter>TypeTraits</Filter>
    </ClInclude>
    <ClInclude Include="$(MSBuildThisFileDirectory)TypeTraits\IsNoThrowDefaultConstructible.hpp">
      <Filter>TypeTraits</Filter>
    </ClInclude>
    <ClInclude Include="$(MSBuildThisFileDirectory)TypeTraits\IsNullPointer.hpp">
      <Filter>TypeTraits</Filter>
    </ClInclude>
    <ClInclude Include="$(MSBuildThisFileDirectory)TypeTraits\IsPointer.hpp">
      <Filter>TypeTraits</Filter>
    </ClInclude>
    <ClInclude Include="$(MSBuildThisFileDirectory)TypeTraits\IsReference.hpp">
      <Filter>TypeTraits</Filter>
    </ClInclude>
    <ClInclude Include="$(MSBuildThisFileDirectory)TypeTraits\IsSame.hpp">
      <Filter>TypeTraits</Filter>
    </ClInclude>
    <ClInclude Include="$(MSBuildThisFileDirectory)TypeTraits\IsScopedEnumeration.hpp">
      <Filter>TypeTraits</Filter>
    </ClInclude>
    <ClInclude Include="$(MSBuildThisFileDirectory)TypeTraits\IsSigned.hpp">
      <Filter>TypeTraits</Filter>
    </ClInclude>
    <ClInclude Include="$(MSBuildThisFileDirectory)TypeTraits\IsSignedInteger.hpp">
      <Filter>TypeTraits</Filter>
    </ClInclude>
    <ClInclude Include="$(MSBuildThisFileDirectory)TypeTraits\IsUnicodeCharacter.hpp">
      <Filter>TypeTraits</Filter>
    </ClInclude>
    <ClInclude Include="$(MSBuildThisFileDirectory)TypeTraits\IsUnion.hpp">
      <Filter>TypeTraits</Filter>
    </ClInclude>
    <ClInclude Include="$(MSBuildThisFileDirectory)TypeTraits\IsUnsignedInteger.hpp">
      <Filter>TypeTraits</Filter>
    </ClInclude>
    <ClInclude Include="$(MSBuildThisFileDirectory)TypeTraits\IsValue.hpp">
      <Filter>TypeTraits</Filter>
    </ClInclude>
    <ClInclude Include="$(MSBuildThisFileDirectory)TypeTraits\IsVoid.hpp">
      <Filter>TypeTraits</Filter>
    </ClInclude>
    <ClInclude Include="$(MSBuildThisFileDirectory)TypeTraits\IsVolatile.hpp">
      <Filter>TypeTraits</Filter>
    </ClInclude>
    <ClInclude Include="$(MSBuildThisFileDirectory)TypeTraits\Select.hpp">
      <Filter>TypeTraits</Filter>
    </ClInclude>
    <ClInclude Include="$(MSBuildThisFileDirectory)TypeTraits\UnderlyingType.hpp">
      <Filter>TypeTraits</Filter>
    </ClInclude>
    <ClInclude Include="$(MSBuildThisFileDirectory)TypeTraits\VoidType.hpp">
      <Filter>TypeTraits</Filter>
    </ClInclude>
    <ClInclude Include="$(MSBuildThisFileDirectory)Functional\AddConstant.hpp">
      <Filter>Functional</Filter>
    </ClInclude>
    <ClInclude Include="$(MSBuildThisFileDirectory)Functional\AddConstantVolatile.hpp">
      <Filter>Functional</Filter>
    </ClInclude>
    <ClInclude Include="$(MSBuildThisFileDirectory)Functional\AddLeftValueReference.hpp">
      <Filter>Functional</Filter>
    </ClInclude>
    <ClInclude Include="$(MSBuildThisFileDirectory)Functional\AddReference.hpp">
      <Filter>Functional</Filter>
    </ClInclude>
    <ClInclude Include="$(MSBuildThisFileDirectory)Functional\AddRightValueReference.hpp">
      <Filter>Functional</Filter>
    </ClInclude>
    <ClInclude Include="$(MSBuildThisFileDirectory)Functional\AddVolatile.hpp">
      <Filter>Functional</Filter>
    </ClInclude>
    <ClInclude Include="$(MSBuildThisFileDirectory)Functional\Hash.hpp">
      <Filter>Functional</Filter>
    </ClInclude>
    <ClInclude Include="$(MSBuildThisFileDirectory)Functional\Move.hpp">
      <Filter>Functional</Filter>
    </ClInclude>
    <ClInclude Include="$(MSBuildThisFileDirectory)Functional\RemoveConst.hpp">
      <Filter>Functional</Filter>
    </ClInclude>
    <ClInclude Include="$(MSBuildThisFileDirectory)Functional\RemoveConstVolatile.hpp">
      <Filter>Functional</Filter>
    </ClInclude>
    <ClInclude Include="$(MSBuildThisFileDirectory)Functional\RemovePointer.hpp">
      <Filter>Functional</Filter>
    </ClInclude>
    <ClInclude Include="$(MSBuildThisFileDirectory)Functional\RemoveReference.hpp">
      <Filter>Functional</Filter>
    </ClInclude>
    <ClInclude Include="$(MSBuildThisFileDirectory)Functional\RemoveVolatile.hpp">
      <Filter>Functional</Filter>
    </ClInclude>
    <ClInclude Include="$(MSBuildThisFileDirectory)Functional\Reverse.hpp">
      <Filter>Functional</Filter>
    </ClInclude>
    <ClInclude Include="$(MSBuildThisFileDirectory)Functional\Swap.hpp">
      <Filter>Functional</Filter>
    </ClInclude>
    <ClInclude Include="$(MSBuildThisFileDirectory)Exceptions\AggregateException.hpp">
      <Filter>Exceptions</Filter>
    </ClInclude>
    <ClInclude Include="$(MSBuildThisFileDirectory)Exceptions\ArgumentException.hpp">
      <Filter>Exceptions</Filter>
    </ClInclude>
    <ClInclude Include="$(MSBuildThisFileDirectory)Exceptions\ArgumentNullException.hpp">
      <Filter>Exceptions</Filter>
    </ClInclude>
    <ClInclude Include="$(MSBuildThisFileDirectory)Exceptions\ArgumentOutOfRangeException.hpp">
      <Filter>Exceptions</Filter>
    </ClInclude>
    <ClInclude Include="$(MSBuildThisFileDirectory)Exceptions\ArithmeticException.hpp">
      <Filter>Exceptions</Filter>
    </ClInclude>
    <ClInclude Include="$(MSBuildThisFileDirectory)Exceptions\DivideByZeroException.hpp">
      <Filter>Exceptions</Filter>
    </ClInclude>
    <ClInclude Include="$(MSBuildThisFileDirectory)Exceptions\IndexOutOfRangeException.hpp">
      <Filter>Exceptions</Filter>
    </ClInclude>
    <ClInclude Include="$(MSBuildThisFileDirectory)Exceptions\Exception.hpp">
      <Filter>Exceptions</Filter>
    </ClInclude>
    <ClInclude Include="$(MSBuildThisFileDirectory)Exceptions\InvalidCastException.hpp">
      <Filter>Exceptions</Filter>
    </ClInclude>
    <ClInclude Include="$(MSBuildThisFileDirectory)Exceptions\NotImplementedException.hpp">
      <Filter>Exceptions</Filter>
    </ClInclude>
    <ClInclude Include="$(MSBuildThisFileDirectory)Exceptions\NotSupportedException.hpp">
      <Filter>Exceptions</Filter>
    </ClInclude>
    <ClInclude Include="$(MSBuildThisFileDirectory)Exceptions\OutOfMemoryException.hpp">
      <Filter>Exceptions</Filter>
    </ClInclude>
    <ClInclude Include="$(MSBuildThisFileDirectory)Exceptions\OverflowException.hpp">
      <Filter>Exceptions</Filter>
    </ClInclude>
    <ClInclude Include="$(MSBuildThisFileDirectory)Exceptions\SystemException.hpp">
      <Filter>Exceptions</Filter>
    </ClInclude>
    <ClInclude Include="$(MSBuildThisFileDirectory)Text\Unicode\UnicodeCategory.hpp">
      <Filter>Text\Unicode</Filter>
    </ClInclude>
    <ClInclude Include="$(MSBuildThisFileDirectory)Text\Unicode\UnicodeRange.hpp">
      <Filter>Text\Unicode</Filter>
    </ClInclude>
    <ClInclude Include="$(MSBuildThisFileDirectory)Text\Unicode\UnicodeRanges.hpp">
      <Filter>Text\Unicode</Filter>
    </ClInclude>
    <ClInclude Include="$(MSBuildThisFileDirectory)Text\Unicode\Utf8.hpp">
      <Filter>Text\Unicode</Filter>
    </ClInclude>
    <ClInclude Include="$(MSBuildThisFileDirectory)Text\Unicode\Utf16.hpp">
      <Filter>Text\Unicode</Filter>
    </ClInclude>
    <ClInclude Include="$(MSBuildThisFileDirectory)Text\CharacterTraits.hpp">
      <Filter>Text</Filter>
    </ClInclude>
    <ClInclude Include="$(MSBuildThisFileDirectory)Text\Convert.hpp">
      <Filter>Text</Filter>
    </ClInclude>
    <ClInclude Include="$(MSBuildThisFileDirectory)Text\Encoding.hpp">
      <Filter>Text</Filter>
    </ClInclude>
    <ClInclude Include="$(MSBuildThisFileDirectory)Text\String.hpp">
      <Filter>Text</Filter>
    </ClInclude>
    <ClInclude Include="$(MSBuildThisFileDirectory)Text\StringView.hpp">
      <Filter>Text</Filter>
    </ClInclude>
    <ClInclude Include="$(MSBuildThisFileDirectory)Text\StringBuilder.hpp">
      <Filter>Text</Filter>
    </ClInclude>
    <ClInclude Include="$(MSBuildThisFileDirectory)Concepts\Arithmetic.hpp">
      <Filter>Concepts</Filter>
    </ClInclude>
    <ClInclude Include="$(MSBuildThisFileDirectory)Concepts\AtomicUsable.hpp">
      <Filter>Concepts</Filter>
    </ClInclude>
    <ClInclude Include="$(MSBuildThisFileDirectory)Concepts\Character.hpp">
      <Filter>Concepts</Filter>
    </ClInclude>
    <ClInclude Include="$(MSBuildThisFileDirectory)Concepts\Constant.hpp">
      <Filter>Concepts</Filter>
    </ClInclude>
    <ClInclude Include="$(MSBuildThisFileDirectory)Threading\Interlocked.hpp">
      <Filter>Threading</Filter>
    </ClInclude>
    <ClInclude Include="$(MSBuildThisFileDirectory)Threading\SharedMutex.hpp">
      <Filter>Threading</Filter>
    </ClInclude>
    <ClInclude Include="$(MSBuildThisFileDirectory)Concepts\EnumerationOrIntegral.hpp">
      <Filter>Concepts</Filter>
    </ClInclude>
    <ClInclude Include="$(MSBuildThisFileDirectory)Concepts\FloatingPoint.hpp">
      <Filter>Concepts</Filter>
    </ClInclude>
    <ClInclude Include="$(MSBuildThisFileDirectory)Concepts\Hashable.hpp">
      <Filter>Concepts</Filter>
    </ClInclude>
    <ClInclude Include="$(MSBuildThisFileDirectory)Concepts\HasMethod.hpp">
      <Filter>Concepts</Filter>
    </ClInclude>
    <ClInclude Include="$(MSBuildThisFileDirectory)Concepts\Integer.hpp">
      <Filter>Concepts</Filter>
    </ClInclude>
    <ClInclude Include="$(MSBuildThisFileDirectory)Concepts\Integral.hpp">
      <Filter>Concepts</Filter>
    </ClInclude>
    <ClInclude Include="$(MSBuildThisFileDirectory)Concepts\MoveAssignable.hpp">
      <Filter>Concepts</Filter>
    </ClInclude>
    <ClInclude Include="$(MSBuildThisFileDirectory)Concepts\MoveAssignableAndConstructible.hpp">
      <Filter>Concepts</Filter>
    </ClInclude>
    <ClInclude Include="$(MSBuildThisFileDirectory)Concepts\MoveConstructible.hpp">
      <Filter>Concepts</Filter>
    </ClInclude>
    <ClInclude Include="$(MSBuildThisFileDirectory)Concepts\NonConstant.hpp">
      <Filter>Concepts</Filter>
    </ClInclude>
    <ClInclude Include="$(MSBuildThisFileDirectory)Concepts\Pointer.hpp">
      <Filter>Concepts</Filter>
    </ClInclude>
    <ClInclude Include="$(MSBuildThisFileDirectory)Concepts\Reference.hpp">
      <Filter>Concepts</Filter>
    </ClInclude>
    <ClInclude Include="$(MSBuildThisFileDirectory)Concepts\SignedInteger.hpp">
      <Filter>Concepts</Filter>
    </ClInclude>
    <ClInclude Include="$(MSBuildThisFileDirectory)Concepts\UnicodeCharacter.hpp">
      <Filter>Concepts</Filter>
    </ClInclude>
    <ClInclude Include="$(MSBuildThisFileDirectory)Concepts\UnsignedInteger.hpp">
      <Filter>Concepts</Filter>
    </ClInclude>
    <ClInclude Include="$(MSBuildThisFileDirectory)Concepts\Value.hpp">
      <Filter>Concepts</Filter>
    </ClInclude>
    <ClInclude Include="$(MSBuildThisFileDirectory)Numeric\NumericTraits.hpp">
      <Filter>Numeric</Filter>
    </ClInclude>
    <ClInclude Include="$(MSBuildThisFileDirectory)Numeric\Ratio.hpp">
      <Filter>Numeric</Filter>
    </ClInclude>
  </ItemGroup>
  <ItemGroup>
    <Filter Include="TypeTraits">
      <UniqueIdentifier>{d85db007-ccc5-4e95-9995-2cab7fafc54b}</UniqueIdentifier>
    </Filter>
    <Filter Include="Concepts">
      <UniqueIdentifier>{e97c061a-570e-4bc2-ac17-3349309a0182}</UniqueIdentifier>
    </Filter>
    <Filter Include="Common">
      <UniqueIdentifier>{097b8687-8fcc-4ac5-a92b-a72f635d7ca7}</UniqueIdentifier>
    </Filter>
    <Filter Include="Algorithms">
      <UniqueIdentifier>{d6cc6f4d-5d99-4f67-ae7b-da2e486bf3d2}</UniqueIdentifier>
    </Filter>
    <Filter Include="Algorithms\Sorting">
      <UniqueIdentifier>{eacc65ef-1634-41fe-9233-4c59511d8bfb}</UniqueIdentifier>
    </Filter>
    <Filter Include="Operators">
      <UniqueIdentifier>{8be4f5b7-9086-48ca-81ea-b97b32097005}</UniqueIdentifier>
    </Filter>
    <Filter Include="Functional">
      <UniqueIdentifier>{3d4100da-2d5c-4219-8fd2-67030d54eb15}</UniqueIdentifier>
    </Filter>
    <Filter Include="Container">
      <UniqueIdentifier>{8feb6bb1-3f35-4d13-b134-004db939ef9f}</UniqueIdentifier>
    </Filter>
    <Filter Include="Text">
      <UniqueIdentifier>{6554ee3b-a49f-415f-9693-8084a3d5af67}</UniqueIdentifier>
    </Filter>
    <Filter Include="Numeric">
      <UniqueIdentifier>{9f8d6296-84f8-45a6-a54f-97acf17fcbbf}</UniqueIdentifier>
    </Filter>
    <Filter Include="Globalization">
      <UniqueIdentifier>{5ea0eb76-5520-4536-83ef-149a8bfcc7b6}</UniqueIdentifier>
    </Filter>
    <Filter Include="Memory">
      <UniqueIdentifier>{71e9c72c-e3c3-4b57-af9f-168bb86fb441}</UniqueIdentifier>
    </Filter>
    <Filter Include="Iterator">
      <UniqueIdentifier>{de3998af-211d-4a15-a130-921be7d2f2a2}</UniqueIdentifier>
    </Filter>
    <Filter Include="Chrono">
      <UniqueIdentifier>{a6a5ce54-013c-46b2-a8ad-f6a5d0aa35ec}</UniqueIdentifier>
    </Filter>
    <Filter Include="System">
      <UniqueIdentifier>{33fb3318-b24f-4080-a052-ba58311c2bb7}</UniqueIdentifier>
    </Filter>
    <Filter Include="Math">
      <UniqueIdentifier>{5ece3da3-bc20-451f-9267-1f77669449c6}</UniqueIdentifier>
    </Filter>
    <Filter Include="Text\Unicode">
      <UniqueIdentifier>{7b62957e-c4db-4cba-9eb6-6d748b8e6056}</UniqueIdentifier>
    </Filter>
    <Filter Include="Ranges">
      <UniqueIdentifier>{5dc88a30-27a9-48fd-827c-eae28449a0f8}</UniqueIdentifier>
    </Filter>
    <Filter Include="Ranges\Views">
      <UniqueIdentifier>{ee8c614d-1bdc-4660-a290-4063e1a830b7}</UniqueIdentifier>
    </Filter>
    <Filter Include="Globalization\Internal">
      <UniqueIdentifier>{b6d533b5-593f-418d-9255-02caa90c3a8c}</UniqueIdentifier>
    </Filter>
    <Filter Include="Diagnostics">
      <UniqueIdentifier>{23f51f0a-e493-43cc-8e62-c73b0328d3ab}</UniqueIdentifier>
    </Filter>
    <Filter Include="Threading">
      <UniqueIdentifier>{1dbbb211-6988-4749-8b92-bc0782f431f6}</UniqueIdentifier>
    </Filter>
    <Filter Include="Exceptions">
      <UniqueIdentifier>{6d3e8155-c915-4e37-98aa-d3710457a2e3}</UniqueIdentifier>
    </Filter>
    <Filter Include="IO">
      <UniqueIdentifier>{da343ac3-8d6b-4920-a155-5b76de9e737c}</UniqueIdentifier>
    </Filter>
    <Filter Include="IO\Compression">
      <UniqueIdentifier>{00795f94-4385-4654-ba27-1f1c85ac9a4a}</UniqueIdentifier>
    </Filter>
    <Filter Include="IO\Compression\HuffmanCoding">
      <UniqueIdentifier>{86d55853-a77f-449d-ac44-5ce169202147}</UniqueIdentifier>
    </Filter>
    <Filter Include="RunTimeTypeInformation">
      <UniqueIdentifier>{56e47322-ae2c-430f-b257-87272da0f320}</UniqueIdentifier>
    </Filter>
    <Filter Include="Utility">
      <UniqueIdentifier>{0115952b-a0a4-47b8-be20-1e46cfd87a6c}</UniqueIdentifier>
    </Filter>
    <Filter Include="Container\Adopter">
      <UniqueIdentifier>{aa9d107c-5c10-4671-a0f7-0601ac559079}</UniqueIdentifier>
    </Filter>
    <Filter Include="Container\Sequence">
      <UniqueIdentifier>{47d973e1-470c-4d2d-86ce-816cce34d99f}</UniqueIdentifier>
    </Filter>
    <Filter Include="Container\UnorderedAssociative">
      <UniqueIdentifier>{05da5da5-e0bf-416f-8a62-730d9e02a82b}</UniqueIdentifier>
    </Filter>
    <Filter Include="Container\OrderedAssociative">
      <UniqueIdentifier>{da767481-3335-4bb6-bd9c-672fbefce859}</UniqueIdentifier>
    </Filter>
    <Filter Include="Container\Views">
      <UniqueIdentifier>{18f5be00-8725-48bf-93ae-c76cabcde751}</UniqueIdentifier>
    </Filter>
    <Filter Include="Threading\Tasks">
      <UniqueIdentifier>{a5f154e2-9cdf-416f-be1e-ee2e29b2a129}</UniqueIdentifier>
    </Filter>
    <Filter Include="Linq">
      <UniqueIdentifier>{0058495a-1c2b-4b5a-ae29-2c846496b44b}</UniqueIdentifier>
    </Filter>
    <Filter Include="Memory\Scoped">
      <UniqueIdentifier>{d2c054f8-154e-4ed2-83da-1cc21227666b}</UniqueIdentifier>
    </Filter>
    <Filter Include="Exceptions\IO">
      <UniqueIdentifier>{e78a6b2b-3aab-4af4-82d1-02c97d26d0d5}</UniqueIdentifier>
    </Filter>
  </ItemGroup>
  <ItemGroup>
    <ClCompile Include="$(MSBuildThisFileDirectory)Elysium.Core.Template.Chrono.ixx" />
    <ClCompile Include="$(MSBuildThisFileDirectory)Elysium.Core.Template.Numeric.ixx" />
    <ClCompile Include="$(MSBuildThisFileDirectory)Elysium.Core.Template.System.ixx" />
    <ClCompile Include="$(MSBuildThisFileDirectory)Elysium.Core.Template.IO.ixx" />
    <ClCompile Include="$(MSBuildThisFileDirectory)Elysium.Core.Template.IO.Compression.ixx" />
    <ClCompile Include="$(MSBuildThisFileDirectory)Elysium.Core.Template.IO.Compression.HuffmanCoding.ixx" />
    <ClCompile Include="$(MSBuildThisFileDirectory)Elysium.Core.Template.Math.ixx" />
    <ClCompile Include="$(MSBuildThisFileDirectory)Elysium.Core.Template.Utility.ixx" />
    <ClCompile Include="$(MSBuildThisFileDirectory)Elysium.Core.Template.Algorithms.ixx" />
    <ClCompile Include="$(MSBuildThisFileDirectory)Elysium.Core.Template.Common.ixx" />
    <ClCompile Include="$(MSBuildThisFileDirectory)Elysium.Core.Template.Diagnostics.ixx" />
    <ClCompile Include="$(MSBuildThisFileDirectory)Elysium.Core.Template.RunTimeTypeInformation.ixx" />
    <ClCompile Include="$(MSBuildThisFileDirectory)Elysium.Core.Template.Operators.ixx" />
    <ClCompile Include="$(MSBuildThisFileDirectory)Elysium.Core.Template.Iterator.ixx" />
    <ClCompile Include="$(MSBuildThisFileDirectory)Elysium.Core.Template.Threading.ixx" />
    <ClCompile Include="$(MSBuildThisFileDirectory)Elysium.Core.Template.Memory.ixx" />
    <ClCompile Include="$(MSBuildThisFileDirectory)Elysium.Core.Template.Memory.Scoped.ixx" />
    <ClCompile Include="$(MSBuildThisFileDirectory)Elysium.Core.Template.TypeTraits.ixx" />
    <ClCompile Include="$(MSBuildThisFileDirectory)Elysium.Core.Template.Functional.ixx" />
    <ClCompile Include="$(MSBuildThisFileDirectory)Elysium.Core.Template.Exceptions.ixx" />
    <ClCompile Include="$(MSBuildThisFileDirectory)Elysium.Core.Template.Exceptions.IO.ixx" />
    <ClCompile Include="$(MSBuildThisFileDirectory)Elysium.Core.Template.Text.ixx" />
    <ClCompile Include="$(MSBuildThisFileDirectory)Elysium.Core.Template.Text.Unicode.ixx" />
    <ClCompile Include="$(MSBuildThisFileDirectory)Elysium.Core.Template.Concepts.ixx" />
  </ItemGroup>
</Project>