<?xml version="1.0" encoding="utf-8"?>
<Project ToolsVersion="4.0" xmlns="http://schemas.microsoft.com/developer/msbuild/2003">
  <ItemGroup>
    <ClInclude Include="$(MSBuildThisFileDirectory)AddConstant.hpp">
      <Filter>TypeTraits</Filter>
    </ClInclude>
    <ClInclude Include="$(MSBuildThisFileDirectory)AddConstantVolatile.hpp">
      <Filter>TypeTraits</Filter>
    </ClInclude>
    <ClInclude Include="$(MSBuildThisFileDirectory)AddVolatile.hpp">
      <Filter>TypeTraits</Filter>
    </ClInclude>
    <ClInclude Include="$(MSBuildThisFileDirectory)Conditional.hpp">
      <Filter>TypeTraits</Filter>
    </ClInclude>
    <ClInclude Include="$(MSBuildThisFileDirectory)Disjunction.hpp">
      <Filter>TypeTraits</Filter>
    </ClInclude>
    <ClInclude Include="$(MSBuildThisFileDirectory)IntegralConstant.hpp">
      <Filter>TypeTraits</Filter>
    </ClInclude>
    <ClInclude Include="$(MSBuildThisFileDirectory)IsAnyOf.hpp">
      <Filter>TypeTraits</Filter>
    </ClInclude>
    <ClInclude Include="$(MSBuildThisFileDirectory)IsArithemtic.hpp">
      <Filter>TypeTraits</Filter>
    </ClInclude>
    <ClInclude Include="$(MSBuildThisFileDirectory)IsArray.hpp">
      <Filter>TypeTraits</Filter>
    </ClInclude>
    <ClInclude Include="$(MSBuildThisFileDirectory)IsClass.hpp">
      <Filter>TypeTraits</Filter>
    </ClInclude>
    <ClInclude Include="$(MSBuildThisFileDirectory)IsConstant.hpp">
      <Filter>TypeTraits</Filter>
    </ClInclude>
    <ClInclude Include="$(MSBuildThisFileDirectory)IsEnumeration.hpp">
      <Filter>TypeTraits</Filter>
    </ClInclude>
    <ClInclude Include="$(MSBuildThisFileDirectory)IsFloatingPoint.hpp">
      <Filter>TypeTraits</Filter>
    </ClInclude>
    <ClInclude Include="$(MSBuildThisFileDirectory)IsFunction.hpp">
      <Filter>TypeTraits</Filter>
    </ClInclude>
    <ClInclude Include="$(MSBuildThisFileDirectory)IsFundamental.hpp">
      <Filter>TypeTraits</Filter>
    </ClInclude>
    <ClInclude Include="$(MSBuildThisFileDirectory)IsIntegral.hpp">
      <Filter>TypeTraits</Filter>
    </ClInclude>
    <ClInclude Include="$(MSBuildThisFileDirectory)IsNullPointer.hpp">
      <Filter>TypeTraits</Filter>
    </ClInclude>
    <ClInclude Include="$(MSBuildThisFileDirectory)IsPointer.hpp">
      <Filter>TypeTraits</Filter>
    </ClInclude>
    <ClInclude Include="$(MSBuildThisFileDirectory)IsReference.hpp">
      <Filter>TypeTraits</Filter>
    </ClInclude>
    <ClInclude Include="$(MSBuildThisFileDirectory)IsSame.hpp">
      <Filter>TypeTraits</Filter>
    </ClInclude>
    <ClInclude Include="$(MSBuildThisFileDirectory)IsUnion.hpp">
      <Filter>TypeTraits</Filter>
    </ClInclude>
    <ClInclude Include="$(MSBuildThisFileDirectory)IsVoid.hpp">
      <Filter>TypeTraits</Filter>
    </ClInclude>
    <ClInclude Include="$(MSBuildThisFileDirectory)IsVolatile.hpp">
      <Filter>TypeTraits</Filter>
    </ClInclude>
    <ClInclude Include="$(MSBuildThisFileDirectory)TypeTraits.hpp" />
    <ClInclude Include="$(MSBuildThisFileDirectory)Concepts.hpp" />
    <ClInclude Include="$(MSBuildThisFileDirectory)Constant.hpp">
      <Filter>Concepts</Filter>
    </ClInclude>
    <ClInclude Include="$(MSBuildThisFileDirectory)NonConstant.hpp">
      <Filter>Concepts</Filter>
    </ClInclude>
    <ClInclude Include="$(MSBuildThisFileDirectory)IsSigned.hpp">
      <Filter>TypeTraits</Filter>
    </ClInclude>
    <ClInclude Include="$(MSBuildThisFileDirectory)EnableIf.hpp">
      <Filter>Common</Filter>
    </ClInclude>
    <ClInclude Include="$(MSBuildThisFileDirectory)Common.hpp" />
    <ClInclude Include="$(MSBuildThisFileDirectory)BubbleSort.hpp">
      <Filter>Algorithms\Sorting</Filter>
    </ClInclude>
    <ClInclude Include="$(MSBuildThisFileDirectory)Algorithms.hpp" />
    <ClInclude Include="$(MSBuildThisFileDirectory)IsMoveConstructible.hpp">
      <Filter>TypeTraits</Filter>
    </ClInclude>
    <ClInclude Include="$(MSBuildThisFileDirectory)IsMoveAssignable.hpp">
      <Filter>TypeTraits</Filter>
    </ClInclude>
    <ClInclude Include="$(MSBuildThisFileDirectory)AddLeftValueReference.hpp">
      <Filter>TypeTraits</Filter>
    </ClInclude>
    <ClInclude Include="$(MSBuildThisFileDirectory)AddReference.hpp">
      <Filter>TypeTraits</Filter>
    </ClInclude>
    <ClInclude Include="$(MSBuildThisFileDirectory)VoidType.hpp">
      <Filter>TypeTraits</Filter>
    </ClInclude>
    <ClInclude Include="$(MSBuildThisFileDirectory)AddRightValueReference.hpp">
      <Filter>TypeTraits</Filter>
    </ClInclude>
    <ClInclude Include="$(MSBuildThisFileDirectory)Pointer.hpp">
      <Filter>Concepts</Filter>
    </ClInclude>
    <ClInclude Include="$(MSBuildThisFileDirectory)Container.hpp" />
    <ClInclude Include="$(MSBuildThisFileDirectory)Tuple.hpp">
      <Filter>Container</Filter>
    </ClInclude>
    <ClInclude Include="$(MSBuildThisFileDirectory)Less.hpp">
      <Filter>Operators</Filter>
    </ClInclude>
    <ClInclude Include="$(MSBuildThisFileDirectory)Greater.hpp">
      <Filter>Operators</Filter>
    </ClInclude>
    <ClInclude Include="$(MSBuildThisFileDirectory)Operators.hpp" />
    <ClInclude Include="$(MSBuildThisFileDirectory)QuickSort.hpp">
      <Filter>Algorithms\Sorting</Filter>
    </ClInclude>
    <ClInclude Include="$(MSBuildThisFileDirectory)BlockSort.hpp">
      <Filter>Algorithms\Sorting</Filter>
    </ClInclude>
    <ClInclude Include="$(MSBuildThisFileDirectory)MoveConstructible.hpp">
      <Filter>Concepts</Filter>
    </ClInclude>
    <ClInclude Include="$(MSBuildThisFileDirectory)MoveAssignable.hpp">
      <Filter>Concepts</Filter>
    </ClInclude>
    <ClInclude Include="$(MSBuildThisFileDirectory)MoveAssignableAndConstructible.hpp">
      <Filter>Concepts</Filter>
    </ClInclude>
    <ClInclude Include="$(MSBuildThisFileDirectory)FixedSizeHeapArray.hpp">
      <Filter>Container</Filter>
    </ClInclude>
    <ClInclude Include="$(MSBuildThisFileDirectory)DefaultAllocator.hpp">
      <Filter>Container</Filter>
    </ClInclude>
    <ClInclude Include="$(MSBuildThisFileDirectory)MAllocator.hpp">
      <Filter>Container</Filter>
    </ClInclude>
    <ClInclude Include="$(MSBuildThisFileDirectory)Array.hpp">
      <Filter>Container</Filter>
    </ClInclude>
    <ClInclude Include="$(MSBuildThisFileDirectory)ForwardIterator.hpp">
      <Filter>Container</Filter>
    </ClInclude>
    <ClInclude Include="$(MSBuildThisFileDirectory)BackwardIterator.hpp">
      <Filter>Container</Filter>
    </ClInclude>
    <ClInclude Include="$(MSBuildThisFileDirectory)Delegate.hpp">
      <Filter>Functional</Filter>
    </ClInclude>
    <ClInclude Include="$(MSBuildThisFileDirectory)Functional.hpp" />
    <ClInclude Include="$(MSBuildThisFileDirectory)Swap.hpp">
      <Filter>Functional</Filter>
    </ClInclude>
    <ClInclude Include="$(MSBuildThisFileDirectory)Move.hpp">
      <Filter>Functional</Filter>
    </ClInclude>
    <ClInclude Include="$(MSBuildThisFileDirectory)RemoveVolatile.hpp">
      <Filter>Functional</Filter>
    </ClInclude>
    <ClInclude Include="$(MSBuildThisFileDirectory)RemoveConst.hpp">
      <Filter>Functional</Filter>
    </ClInclude>
    <ClInclude Include="$(MSBuildThisFileDirectory)RemoveConstVolatile.hpp">
      <Filter>Functional</Filter>
    </ClInclude>
    <ClInclude Include="$(MSBuildThisFileDirectory)RemovePointer.hpp">
      <Filter>Functional</Filter>
    </ClInclude>
    <ClInclude Include="$(MSBuildThisFileDirectory)RemoveReference.hpp">
      <Filter>Functional</Filter>
    </ClInclude>
    <ClInclude Include="$(MSBuildThisFileDirectory)Vector.hpp">
      <Filter>Container</Filter>
    </ClInclude>
    <ClInclude Include="$(MSBuildThisFileDirectory)InitializerList.hpp">
      <Filter>Container</Filter>
    </ClInclude>
    <ClInclude Include="$(MSBuildThisFileDirectory)ConstForwardIterator.hpp">
      <Filter>Container</Filter>
    </ClInclude>
    <ClInclude Include="$(MSBuildThisFileDirectory)ConstBackwardIterator.hpp">
      <Filter>Container</Filter>
    </ClInclude>
    <ClInclude Include="$(MSBuildThisFileDirectory)HeapArray.hpp">
      <Filter>Container</Filter>
    </ClInclude>
    <ClInclude Include="$(MSBuildThisFileDirectory)DoubleBuffer.hpp">
      <Filter>Container</Filter>
    </ClInclude>
    <ClInclude Include="$(MSBuildThisFileDirectory)RingBuffer.hpp">
      <Filter>Container</Filter>
    </ClInclude>
    <ClInclude Include="$(MSBuildThisFileDirectory)LinkedList.hpp">
      <Filter>Container</Filter>
    </ClInclude>
    <ClInclude Include="$(MSBuildThisFileDirectory)BidirectionallyLinkedList.hpp">
      <Filter>Container</Filter>
    </ClInclude>
    <ClInclude Include="$(MSBuildThisFileDirectory)Queue.hpp">
      <Filter>Container</Filter>
    </ClInclude>
    <ClInclude Include="$(MSBuildThisFileDirectory)KeyValuePair.hpp">
      <Filter>Container</Filter>
    </ClInclude>
    <ClInclude Include="$(MSBuildThisFileDirectory)Map.hpp">
      <Filter>Container</Filter>
    </ClInclude>
    <ClInclude Include="$(MSBuildThisFileDirectory)Stack.hpp">
      <Filter>Container</Filter>
    </ClInclude>
  </ItemGroup>
  <ItemGroup>
    <Filter Include="TypeTraits">
      <UniqueIdentifier>{d85db007-ccc5-4e95-9995-2cab7fafc54b}</UniqueIdentifier>
    </Filter>
    <Filter Include="Concepts">
      <UniqueIdentifier>{e97c061a-570e-4bc2-ac17-3349309a0182}</UniqueIdentifier>
    </Filter>
    <Filter Include="Common">
      <UniqueIdentifier>{097b8687-8fcc-4ac5-a92b-a72f635d7ca7}</UniqueIdentifier>
    </Filter>
    <Filter Include="Algorithms">
      <UniqueIdentifier>{d6cc6f4d-5d99-4f67-ae7b-da2e486bf3d2}</UniqueIdentifier>
    </Filter>
    <Filter Include="Algorithms\Sorting">
      <UniqueIdentifier>{eacc65ef-1634-41fe-9233-4c59511d8bfb}</UniqueIdentifier>
    </Filter>
    <Filter Include="Operators">
      <UniqueIdentifier>{8be4f5b7-9086-48ca-81ea-b97b32097005}</UniqueIdentifier>
    </Filter>
    <Filter Include="Functional">
      <UniqueIdentifier>{3d4100da-2d5c-4219-8fd2-67030d54eb15}</UniqueIdentifier>
    </Filter>
    <Filter Include="Container">
      <UniqueIdentifier>{8feb6bb1-3f35-4d13-b134-004db939ef9f}</UniqueIdentifier>
    </Filter>
  </ItemGroup>
</Project>